
Microsoft Visual Studio Solution File, Format Version 12.00
# Visual Studio Version 17
VisualStudioVersion = 17.8.34525.116
MinimumVisualStudioVersion = 10.0.40219.1
Project("{FAE04EC0-301F-11D3-BF4B-00C04F79EFBC}") = "Task 1", "Task 1\Task 1.csproj", "{A8D2C95B-3F08-4BE8-ADEC-7F1C77F25089}"
EndProject
Project("{FAE04EC0-301F-11D3-BF4B-00C04F79EFBC}") = "Task 2", "Task 2\Task 2.csproj", "{F40FC8F0-A952-43FC-8C7D-5E491DC22719}"
EndProject
Global
	GlobalSection(SolutionConfigurationPlatforms) = preSolution
		Debug|Any CPU = Debug|Any CPU
		Release|Any CPU = Release|Any CPU
	EndGlobalSection
	GlobalSection(ProjectConfigurationPlatforms) = postSolution
		{A8D2C95B-3F08-4BE8-ADEC-7F1C77F25089}.Debug|Any CPU.ActiveCfg = Debug|Any CPU
		{A8D2C95B-3F08-4BE8-ADEC-7F1C77F25089}.Debug|Any CPU.Build.0 = Debug|Any CPU
		{A8D2C95B-3F08-4BE8-ADEC-7F1C77F25089}.Release|Any CPU.ActiveCfg = Release|Any CPU
		{A8D2C95B-3F08-4BE8-ADEC-7F1C77F25089}.Release|Any CPU.Build.0 = Release|Any CPU
		{F40FC8F0-A952-43FC-8C7D-5E491DC22719}.Debug|Any CPU.ActiveCfg = Debug|Any CPU
		{F40FC8F0-A952-43FC-8C7D-5E491DC22719}.Debug|Any CPU.Build.0 = Debug|Any CPU
		{F40FC8F0-A952-43FC-8C7D-5E491DC22719}.Release|Any CPU.ActiveCfg = Release|Any CPU
		{F40FC8F0-A952-43FC-8C7D-5E491DC22719}.Release|Any CPU.Build.0 = Release|Any CPU
	EndGlobalSection
	GlobalSection(SolutionProperties) = preSolution
		HideSolutionNode = FALSE
	EndGlobalSection
	GlobalSection(ExtensibilityGlobals) = postSolution
		SolutionGuid = {52DB1E66-008A-45D8-AFB9-39C08A8FFFCF}
	EndGlobalSection
EndGlobal
