
Microsoft Visual Studio Solution File, Format Version 12.00
# Visual Studio Version 17
VisualStudioVersion = 17.8.34525.116
MinimumVisualStudioVersion = 10.0.40219.1
Project("{FAE04EC0-301F-11D3-BF4B-00C04F79EFBC}") = "1. Power Of Number", "1. Power Of Number\1. Power Of Number.csproj", "{946578A2-10B2-4366-B22C-0B3B18F0F112}"
EndProject
Project("{FAE04EC0-301F-11D3-BF4B-00C04F79EFBC}") = "2. Multiplication Table", "2. Multiplication Table\2. Multiplication Table.csproj", "{B9EF4656-578C-44BE-A34D-BCDDACDA5A98}"
EndProject
Project("{FAE04EC0-301F-11D3-BF4B-00C04F79EFBC}") = "3. Biggest Number", "3. Biggest Number\3. Biggest Number.csproj", "{DC5897D1-F67B-4B0E-ADD0-570B25C33C5F}"
EndProject
Project("{FAE04EC0-301F-11D3-BF4B-00C04F79EFBC}") = "4. Vowel Sum", "4. Vowel Sum\4. Vowel Sum.csproj", "{F127756D-8754-40F7-96E7-7879ECE84E35}"
EndProject
Project("{FAE04EC0-301F-11D3-BF4B-00C04F79EFBC}") = "5. Division to 2, 3 and 4", "5. Division to 2, 3 and 4\5. Division to 2, 3 and 4.csproj", "{815507C4-3F8C-4571-BD14-9E8F5B615C67}"
EndProject
Project("{FAE04EC0-301F-11D3-BF4B-00C04F79EFBC}") = "6. Special Number", "ConsoleApp1\6. Special Number.csproj", "{534DA038-D5DC-44D4-9F9D-5FB9FF1E701C}"
EndProject
Project("{FAE04EC0-301F-11D3-BF4B-00C04F79EFBC}") = "7. Special Bonus", "07. Special Bonus\7. Special Bonus.csproj", "{2D0E3E20-6FDA-48F3-9A96-51D1EE983FB0}"
EndProject
Project("{FAE04EC0-301F-11D3-BF4B-00C04F79EFBC}") = "8. Account Balance", "08. Account Balance\8. Account Balance.csproj", "{397E9046-9B34-4071-8575-46FA698956BB}"
EndProject
Global
	GlobalSection(SolutionConfigurationPlatforms) = preSolution
		Debug|Any CPU = Debug|Any CPU
		Release|Any CPU = Release|Any CPU
	EndGlobalSection
	GlobalSection(ProjectConfigurationPlatforms) = postSolution
		{946578A2-10B2-4366-B22C-0B3B18F0F112}.Debug|Any CPU.ActiveCfg = Debug|Any CPU
		{946578A2-10B2-4366-B22C-0B3B18F0F112}.Debug|Any CPU.Build.0 = Debug|Any CPU
		{946578A2-10B2-4366-B22C-0B3B18F0F112}.Release|Any CPU.ActiveCfg = Release|Any CPU
		{946578A2-10B2-4366-B22C-0B3B18F0F112}.Release|Any CPU.Build.0 = Release|Any CPU
		{B9EF4656-578C-44BE-A34D-BCDDACDA5A98}.Debug|Any CPU.ActiveCfg = Debug|Any CPU
		{B9EF4656-578C-44BE-A34D-BCDDACDA5A98}.Debug|Any CPU.Build.0 = Debug|Any CPU
		{B9EF4656-578C-44BE-A34D-BCDDACDA5A98}.Release|Any CPU.ActiveCfg = Release|Any CPU
		{B9EF4656-578C-44BE-A34D-BCDDACDA5A98}.Release|Any CPU.Build.0 = Release|Any CPU
		{DC5897D1-F67B-4B0E-ADD0-570B25C33C5F}.Debug|Any CPU.ActiveCfg = Debug|Any CPU
		{DC5897D1-F67B-4B0E-ADD0-570B25C33C5F}.Debug|Any CPU.Build.0 = Debug|Any CPU
		{DC5897D1-F67B-4B0E-ADD0-570B25C33C5F}.Release|Any CPU.ActiveCfg = Release|Any CPU
		{DC5897D1-F67B-4B0E-ADD0-570B25C33C5F}.Release|Any CPU.Build.0 = Release|Any CPU
		{F127756D-8754-40F7-96E7-7879ECE84E35}.Debug|Any CPU.ActiveCfg = Debug|Any CPU
		{F127756D-8754-40F7-96E7-7879ECE84E35}.Debug|Any CPU.Build.0 = Debug|Any CPU
		{F127756D-8754-40F7-96E7-7879ECE84E35}.Release|Any CPU.ActiveCfg = Release|Any CPU
		{F127756D-8754-40F7-96E7-7879ECE84E35}.Release|Any CPU.Build.0 = Release|Any CPU
		{815507C4-3F8C-4571-BD14-9E8F5B615C67}.Debug|Any CPU.ActiveCfg = Debug|Any CPU
		{815507C4-3F8C-4571-BD14-9E8F5B615C67}.Debug|Any CPU.Build.0 = Debug|Any CPU
		{815507C4-3F8C-4571-BD14-9E8F5B615C67}.Release|Any CPU.ActiveCfg = Release|Any CPU
		{815507C4-3F8C-4571-BD14-9E8F5B615C67}.Release|Any CPU.Build.0 = Release|Any CPU
		{534DA038-D5DC-44D4-9F9D-5FB9FF1E701C}.Debug|Any CPU.ActiveCfg = Debug|Any CPU
		{534DA038-D5DC-44D4-9F9D-5FB9FF1E701C}.Debug|Any CPU.Build.0 = Debug|Any CPU
		{534DA038-D5DC-44D4-9F9D-5FB9FF1E701C}.Release|Any CPU.ActiveCfg = Release|Any CPU
		{534DA038-D5DC-44D4-9F9D-5FB9FF1E701C}.Release|Any CPU.Build.0 = Release|Any CPU
		{2D0E3E20-6FDA-48F3-9A96-51D1EE983FB0}.Debug|Any CPU.ActiveCfg = Debug|Any CPU
		{2D0E3E20-6FDA-48F3-9A96-51D1EE983FB0}.Debug|Any CPU.Build.0 = Debug|Any CPU
		{2D0E3E20-6FDA-48F3-9A96-51D1EE983FB0}.Release|Any CPU.ActiveCfg = Release|Any CPU
		{2D0E3E20-6FDA-48F3-9A96-51D1EE983FB0}.Release|Any CPU.Build.0 = Release|Any CPU
		{397E9046-9B34-4071-8575-46FA698956BB}.Debug|Any CPU.ActiveCfg = Debug|Any CPU
		{397E9046-9B34-4071-8575-46FA698956BB}.Debug|Any CPU.Build.0 = Debug|Any CPU
		{397E9046-9B34-4071-8575-46FA698956BB}.Release|Any CPU.ActiveCfg = Release|Any CPU
		{397E9046-9B34-4071-8575-46FA698956BB}.Release|Any CPU.Build.0 = Release|Any CPU
	EndGlobalSection
	GlobalSection(SolutionProperties) = preSolution
		HideSolutionNode = FALSE
	EndGlobalSection
	GlobalSection(ExtensibilityGlobals) = postSolution
		SolutionGuid = {43BEE746-E9EA-401A-9E10-E43967859094}
	EndGlobalSection
EndGlobal
