
Microsoft Visual Studio Solution File, Format Version 12.00
# Visual Studio Version 17
VisualStudioVersion = 17.8.34525.116
MinimumVisualStudioVersion = 10.0.40219.1
Project("{FAE04EC0-301F-11D3-BF4B-00C04F79EFBC}") = "1. Gauss' Trick", "1. Gauss' Trick\1. Gauss' Trick.csproj", "{55BB867D-21B9-404A-808B-1C5B15F60CCB}"
EndProject
Project("{FAE04EC0-301F-11D3-BF4B-00C04F79EFBC}") = "2. Condense Array to Number", "2. Condense Array to Number\2. Condense Array to Number.csproj", "{2ECECB72-D20E-4CD9-9225-E7A5526C3C3A}"
EndProject
Project("{FAE04EC0-301F-11D3-BF4B-00C04F79EFBC}") = "3. Merging Lists", "3. Merging Lists\3. Merging Lists.csproj", "{D279091A-2D5A-4912-8C97-392ECC56AF1E}"
EndProject
Project("{FAE04EC0-301F-11D3-BF4B-00C04F79EFBC}") = "4. Bomb Numbers", "4. Bomb Numbers\4. Bomb Numbers.csproj", "{660DDA72-DB2E-4AFC-A558-1D121FB21C88}"
EndProject
Project("{FAE04EC0-301F-11D3-BF4B-00C04F79EFBC}") = "5. Zig-Zag Arrays", "5. Zig-Zag Arrays\5. Zig-Zag Arrays.csproj", "{980B7806-4462-49D0-8C7A-53C983E770E0}"
EndProject
Project("{FAE04EC0-301F-11D3-BF4B-00C04F79EFBC}") = "6. Array Rotation", "6. Array Rotation\6. Array Rotation.csproj", "{75677245-32D1-406A-98BB-80BB86FB12C0}"
EndProject
Global
	GlobalSection(SolutionConfigurationPlatforms) = preSolution
		Debug|Any CPU = Debug|Any CPU
		Release|Any CPU = Release|Any CPU
	EndGlobalSection
	GlobalSection(ProjectConfigurationPlatforms) = postSolution
		{55BB867D-21B9-404A-808B-1C5B15F60CCB}.Debug|Any CPU.ActiveCfg = Debug|Any CPU
		{55BB867D-21B9-404A-808B-1C5B15F60CCB}.Debug|Any CPU.Build.0 = Debug|Any CPU
		{55BB867D-21B9-404A-808B-1C5B15F60CCB}.Release|Any CPU.ActiveCfg = Release|Any CPU
		{55BB867D-21B9-404A-808B-1C5B15F60CCB}.Release|Any CPU.Build.0 = Release|Any CPU
		{2ECECB72-D20E-4CD9-9225-E7A5526C3C3A}.Debug|Any CPU.ActiveCfg = Debug|Any CPU
		{2ECECB72-D20E-4CD9-9225-E7A5526C3C3A}.Debug|Any CPU.Build.0 = Debug|Any CPU
		{2ECECB72-D20E-4CD9-9225-E7A5526C3C3A}.Release|Any CPU.ActiveCfg = Release|Any CPU
		{2ECECB72-D20E-4CD9-9225-E7A5526C3C3A}.Release|Any CPU.Build.0 = Release|Any CPU
		{D279091A-2D5A-4912-8C97-392ECC56AF1E}.Debug|Any CPU.ActiveCfg = Debug|Any CPU
		{D279091A-2D5A-4912-8C97-392ECC56AF1E}.Debug|Any CPU.Build.0 = Debug|Any CPU
		{D279091A-2D5A-4912-8C97-392ECC56AF1E}.Release|Any CPU.ActiveCfg = Release|Any CPU
		{D279091A-2D5A-4912-8C97-392ECC56AF1E}.Release|Any CPU.Build.0 = Release|Any CPU
		{660DDA72-DB2E-4AFC-A558-1D121FB21C88}.Debug|Any CPU.ActiveCfg = Debug|Any CPU
		{660DDA72-DB2E-4AFC-A558-1D121FB21C88}.Debug|Any CPU.Build.0 = Debug|Any CPU
		{660DDA72-DB2E-4AFC-A558-1D121FB21C88}.Release|Any CPU.ActiveCfg = Release|Any CPU
		{660DDA72-DB2E-4AFC-A558-1D121FB21C88}.Release|Any CPU.Build.0 = Release|Any CPU
		{980B7806-4462-49D0-8C7A-53C983E770E0}.Debug|Any CPU.ActiveCfg = Debug|Any CPU
		{980B7806-4462-49D0-8C7A-53C983E770E0}.Debug|Any CPU.Build.0 = Debug|Any CPU
		{980B7806-4462-49D0-8C7A-53C983E770E0}.Release|Any CPU.ActiveCfg = Release|Any CPU
		{980B7806-4462-49D0-8C7A-53C983E770E0}.Release|Any CPU.Build.0 = Release|Any CPU
		{75677245-32D1-406A-98BB-80BB86FB12C0}.Debug|Any CPU.ActiveCfg = Debug|Any CPU
		{75677245-32D1-406A-98BB-80BB86FB12C0}.Debug|Any CPU.Build.0 = Debug|Any CPU
		{75677245-32D1-406A-98BB-80BB86FB12C0}.Release|Any CPU.ActiveCfg = Release|Any CPU
		{75677245-32D1-406A-98BB-80BB86FB12C0}.Release|Any CPU.Build.0 = Release|Any CPU
	EndGlobalSection
	GlobalSection(SolutionProperties) = preSolution
		HideSolutionNode = FALSE
	EndGlobalSection
	GlobalSection(ExtensibilityGlobals) = postSolution
		SolutionGuid = {A81CB354-E8BB-496C-B7AE-584A2C5E6419}
	EndGlobalSection
EndGlobal
