
Microsoft Visual Studio Solution File, Format Version 12.00
# Visual Studio Version 17
VisualStudioVersion = 17.8.34511.84
MinimumVisualStudioVersion = 10.0.40219.1
Project("{9A19103F-16F7-4668-BE54-9A1E7A4F7556}") = "1. Marketplace", "1. Marketplace\1. Marketplace.csproj", "{CFD7A334-5C29-4623-83FA-6BDF3DFD3548}"
EndProject
Project("{9A19103F-16F7-4668-BE54-9A1E7A4F7556}") = "2. Largest Number Out Of Three", "02. Largest Number Out Of Three\2. Largest Number Out Of Three.csproj", "{7924AFEB-52F3-4ED8-A8E3-D981A038F079}"
EndProject
Project("{FAE04EC0-301F-11D3-BF4B-00C04F79EFBC}") = "3. Bonus Score", "3. Bonus Score\3. Bonus Score.csproj", "{E0FD54A4-5F30-40AC-BF49-AA28271FE0BC}"
EndProject
Project("{FAE04EC0-301F-11D3-BF4B-00C04F79EFBC}") = "5. Invalid Number", "asfsdfsdf\5. Invalid Number.csproj", "{0735F032-8C53-4A43-9A20-05F053B71205}"
EndProject
Project("{FAE04EC0-301F-11D3-BF4B-00C04F79EFBC}") = "4. Food or Drink", "4. Food or Drink\4. Food or Drink.csproj", "{3423973F-A54A-45F5-9EA5-90B68FA150BE}"
EndProject
Project("{FAE04EC0-301F-11D3-BF4B-00C04F79EFBC}") = "6. Day of Week", "6. Day of Week\6. Day of Week.csproj", "{B80FE7C5-63C1-4454-810D-B727430B110B}"
EndProject
Project("{FAE04EC0-301F-11D3-BF4B-00C04F79EFBC}") = "7. Vowel or Consonant", "7. Vowel or Consonant\7. Vowel or Consonant.csproj", "{63AB1847-3407-413B-BF3F-E9BE6B9645A6}"
EndProject
Project("{FAE04EC0-301F-11D3-BF4B-00C04F79EFBC}") = "8. Sorted numbers", "8. Sorted numbers\8. Sorted numbers.csproj", "{F575B147-E3AE-4DE4-8AF5-C7469C4105E6}"
EndProject
Project("{FAE04EC0-301F-11D3-BF4B-00C04F79EFBC}") = "9. Cinema", "9. Cinema\9. Cinema.csproj", "{AAEE674A-D9AC-41EF-95E6-4B5285342BEE}"
EndProject
Global
	GlobalSection(SolutionConfigurationPlatforms) = preSolution
		Debug|Any CPU = Debug|Any CPU
		Release|Any CPU = Release|Any CPU
	EndGlobalSection
	GlobalSection(ProjectConfigurationPlatforms) = postSolution
		{CFD7A334-5C29-4623-83FA-6BDF3DFD3548}.Debug|Any CPU.ActiveCfg = Debug|Any CPU
		{CFD7A334-5C29-4623-83FA-6BDF3DFD3548}.Debug|Any CPU.Build.0 = Debug|Any CPU
		{CFD7A334-5C29-4623-83FA-6BDF3DFD3548}.Release|Any CPU.ActiveCfg = Release|Any CPU
		{CFD7A334-5C29-4623-83FA-6BDF3DFD3548}.Release|Any CPU.Build.0 = Release|Any CPU
		{7924AFEB-52F3-4ED8-A8E3-D981A038F079}.Debug|Any CPU.ActiveCfg = Debug|Any CPU
		{7924AFEB-52F3-4ED8-A8E3-D981A038F079}.Debug|Any CPU.Build.0 = Debug|Any CPU
		{7924AFEB-52F3-4ED8-A8E3-D981A038F079}.Release|Any CPU.ActiveCfg = Release|Any CPU
		{7924AFEB-52F3-4ED8-A8E3-D981A038F079}.Release|Any CPU.Build.0 = Release|Any CPU
		{E0FD54A4-5F30-40AC-BF49-AA28271FE0BC}.Debug|Any CPU.ActiveCfg = Debug|Any CPU
		{E0FD54A4-5F30-40AC-BF49-AA28271FE0BC}.Debug|Any CPU.Build.0 = Debug|Any CPU
		{E0FD54A4-5F30-40AC-BF49-AA28271FE0BC}.Release|Any CPU.ActiveCfg = Release|Any CPU
		{E0FD54A4-5F30-40AC-BF49-AA28271FE0BC}.Release|Any CPU.Build.0 = Release|Any CPU
		{0735F032-8C53-4A43-9A20-05F053B71205}.Debug|Any CPU.ActiveCfg = Debug|Any CPU
		{0735F032-8C53-4A43-9A20-05F053B71205}.Debug|Any CPU.Build.0 = Debug|Any CPU
		{0735F032-8C53-4A43-9A20-05F053B71205}.Release|Any CPU.ActiveCfg = Release|Any CPU
		{0735F032-8C53-4A43-9A20-05F053B71205}.Release|Any CPU.Build.0 = Release|Any CPU
		{3423973F-A54A-45F5-9EA5-90B68FA150BE}.Debug|Any CPU.ActiveCfg = Debug|Any CPU
		{3423973F-A54A-45F5-9EA5-90B68FA150BE}.Debug|Any CPU.Build.0 = Debug|Any CPU
		{3423973F-A54A-45F5-9EA5-90B68FA150BE}.Release|Any CPU.ActiveCfg = Release|Any CPU
		{3423973F-A54A-45F5-9EA5-90B68FA150BE}.Release|Any CPU.Build.0 = Release|Any CPU
		{B80FE7C5-63C1-4454-810D-B727430B110B}.Debug|Any CPU.ActiveCfg = Debug|Any CPU
		{B80FE7C5-63C1-4454-810D-B727430B110B}.Debug|Any CPU.Build.0 = Debug|Any CPU
		{B80FE7C5-63C1-4454-810D-B727430B110B}.Release|Any CPU.ActiveCfg = Release|Any CPU
		{B80FE7C5-63C1-4454-810D-B727430B110B}.Release|Any CPU.Build.0 = Release|Any CPU
		{63AB1847-3407-413B-BF3F-E9BE6B9645A6}.Debug|Any CPU.ActiveCfg = Debug|Any CPU
		{63AB1847-3407-413B-BF3F-E9BE6B9645A6}.Debug|Any CPU.Build.0 = Debug|Any CPU
		{63AB1847-3407-413B-BF3F-E9BE6B9645A6}.Release|Any CPU.ActiveCfg = Release|Any CPU
		{63AB1847-3407-413B-BF3F-E9BE6B9645A6}.Release|Any CPU.Build.0 = Release|Any CPU
		{F575B147-E3AE-4DE4-8AF5-C7469C4105E6}.Debug|Any CPU.ActiveCfg = Debug|Any CPU
		{F575B147-E3AE-4DE4-8AF5-C7469C4105E6}.Debug|Any CPU.Build.0 = Debug|Any CPU
		{F575B147-E3AE-4DE4-8AF5-C7469C4105E6}.Release|Any CPU.ActiveCfg = Release|Any CPU
		{F575B147-E3AE-4DE4-8AF5-C7469C4105E6}.Release|Any CPU.Build.0 = Release|Any CPU
		{AAEE674A-D9AC-41EF-95E6-4B5285342BEE}.Debug|Any CPU.ActiveCfg = Debug|Any CPU
		{AAEE674A-D9AC-41EF-95E6-4B5285342BEE}.Debug|Any CPU.Build.0 = Debug|Any CPU
		{AAEE674A-D9AC-41EF-95E6-4B5285342BEE}.Release|Any CPU.ActiveCfg = Release|Any CPU
		{AAEE674A-D9AC-41EF-95E6-4B5285342BEE}.Release|Any CPU.Build.0 = Release|Any CPU
	EndGlobalSection
	GlobalSection(SolutionProperties) = preSolution
		HideSolutionNode = FALSE
	EndGlobalSection
	GlobalSection(ExtensibilityGlobals) = postSolution
		SolutionGuid = {E55ADC25-F300-4C9B-8B96-DF9C92D0BB61}
	EndGlobalSection
EndGlobal
