
Microsoft Visual Studio Solution File, Format Version 12.00
# Visual Studio Version 17
VisualStudioVersion = 17.8.34511.84
MinimumVisualStudioVersion = 10.0.40219.1
Project("{FAE04EC0-301F-11D3-BF4B-00C04F79EFBC}") = "1. Hello SoftUni", "1. Hello SoftUni\1. Hello SoftUni.csproj", "{6A7E1577-0C18-401B-A725-C8C89623B4E0}"
EndProject
Project("{FAE04EC0-301F-11D3-BF4B-00C04F79EFBC}") = "2. Greeting", "2. Greeting\2. Greeting.csproj", "{0E7CD82A-FC81-4696-B371-18A20BC1BE18}"
EndProject
Project("{FAE04EC0-301F-11D3-BF4B-00C04F79EFBC}") = "3. Customer Info", "3. Customer Info\3. Customer Info.csproj", "{9CB63132-B4BC-41A0-ADE6-CBB4B9FEA80B}"
EndProject
Project("{FAE04EC0-301F-11D3-BF4B-00C04F79EFBC}") = "4. Person Info", "4. Person Info\4. Person Info.csproj", "{CD510D54-8355-454B-8326-F6D914815AC8}"
EndProject
Project("{FAE04EC0-301F-11D3-BF4B-00C04F79EFBC}") = "5. Town Info", "5. Town Info\5. Town Info.csproj", "{ECF157F3-2A8F-46B1-863F-B71C3D2C568E}"
EndProject
Global
	GlobalSection(SolutionConfigurationPlatforms) = preSolution
		Debug|Any CPU = Debug|Any CPU
		Release|Any CPU = Release|Any CPU
	EndGlobalSection
	GlobalSection(ProjectConfigurationPlatforms) = postSolution
		{6A7E1577-0C18-401B-A725-C8C89623B4E0}.Debug|Any CPU.ActiveCfg = Debug|Any CPU
		{6A7E1577-0C18-401B-A725-C8C89623B4E0}.Debug|Any CPU.Build.0 = Debug|Any CPU
		{6A7E1577-0C18-401B-A725-C8C89623B4E0}.Release|Any CPU.ActiveCfg = Release|Any CPU
		{6A7E1577-0C18-401B-A725-C8C89623B4E0}.Release|Any CPU.Build.0 = Release|Any CPU
		{0E7CD82A-FC81-4696-B371-18A20BC1BE18}.Debug|Any CPU.ActiveCfg = Debug|Any CPU
		{0E7CD82A-FC81-4696-B371-18A20BC1BE18}.Debug|Any CPU.Build.0 = Debug|Any CPU
		{0E7CD82A-FC81-4696-B371-18A20BC1BE18}.Release|Any CPU.ActiveCfg = Release|Any CPU
		{0E7CD82A-FC81-4696-B371-18A20BC1BE18}.Release|Any CPU.Build.0 = Release|Any CPU
		{9CB63132-B4BC-41A0-ADE6-CBB4B9FEA80B}.Debug|Any CPU.ActiveCfg = Debug|Any CPU
		{9CB63132-B4BC-41A0-ADE6-CBB4B9FEA80B}.Debug|Any CPU.Build.0 = Debug|Any CPU
		{9CB63132-B4BC-41A0-ADE6-CBB4B9FEA80B}.Release|Any CPU.ActiveCfg = Release|Any CPU
		{9CB63132-B4BC-41A0-ADE6-CBB4B9FEA80B}.Release|Any CPU.Build.0 = Release|Any CPU
		{CD510D54-8355-454B-8326-F6D914815AC8}.Debug|Any CPU.ActiveCfg = Debug|Any CPU
		{CD510D54-8355-454B-8326-F6D914815AC8}.Debug|Any CPU.Build.0 = Debug|Any CPU
		{CD510D54-8355-454B-8326-F6D914815AC8}.Release|Any CPU.ActiveCfg = Release|Any CPU
		{CD510D54-8355-454B-8326-F6D914815AC8}.Release|Any CPU.Build.0 = Release|Any CPU
		{ECF157F3-2A8F-46B1-863F-B71C3D2C568E}.Debug|Any CPU.ActiveCfg = Debug|Any CPU
		{ECF157F3-2A8F-46B1-863F-B71C3D2C568E}.Debug|Any CPU.Build.0 = Debug|Any CPU
		{ECF157F3-2A8F-46B1-863F-B71C3D2C568E}.Release|Any CPU.ActiveCfg = Release|Any CPU
		{ECF157F3-2A8F-46B1-863F-B71C3D2C568E}.Release|Any CPU.Build.0 = Release|Any CPU
	EndGlobalSection
	GlobalSection(SolutionProperties) = preSolution
		HideSolutionNode = FALSE
	EndGlobalSection
	GlobalSection(ExtensibilityGlobals) = postSolution
		SolutionGuid = {AA57D812-353B-4EAB-BE21-05DBA8E13719}
	EndGlobalSection
EndGlobal
