
Microsoft Visual Studio Solution File, Format Version 12.00
# Visual Studio Version 17
VisualStudioVersion = 17.8.34511.84
MinimumVisualStudioVersion = 10.0.40219.1
Project("{FAE04EC0-301F-11D3-BF4B-00C04F79EFBC}") = "1. Hello C#", "1. Hello C#\1. Hello C#.csproj", "{149A4F3A-21ED-49F1-B91F-9A1825782722}"
EndProject
Project("{FAE04EC0-301F-11D3-BF4B-00C04F79EFBC}") = "2. Multiply 5 by 5", "2. Multiply 5 by 5\2. Multiply 5 by 5.csproj", "{556D9CA0-7C16-4308-88D2-82B20737CEBA}"
EndProject
Project("{FAE04EC0-301F-11D3-BF4B-00C04F79EFBC}") = "3. Name and Expression", "3. Name and Expression\3. Name and Expression.csproj", "{AD66416E-E14F-4C2A-9745-72BC36555C6E}"
EndProject
Project("{FAE04EC0-301F-11D3-BF4B-00C04F79EFBC}") = "4. Calculations", "4. Calculations\4. Calculations.csproj", "{2197CE46-CE59-4049-B80F-64D79EB76770}"
EndProject
Project("{FAE04EC0-301F-11D3-BF4B-00C04F79EFBC}") = "5. Square of 7 by 7 Stars", "5. Square of 7 by 7 Stars\5. Square of 7 by 7 Stars.csproj", "{8062BA0A-7EBE-43F3-9821-CEA454A42C16}"
EndProject
Global
	GlobalSection(SolutionConfigurationPlatforms) = preSolution
		Debug|Any CPU = Debug|Any CPU
		Release|Any CPU = Release|Any CPU
	EndGlobalSection
	GlobalSection(ProjectConfigurationPlatforms) = postSolution
		{149A4F3A-21ED-49F1-B91F-9A1825782722}.Debug|Any CPU.ActiveCfg = Debug|Any CPU
		{149A4F3A-21ED-49F1-B91F-9A1825782722}.Debug|Any CPU.Build.0 = Debug|Any CPU
		{149A4F3A-21ED-49F1-B91F-9A1825782722}.Release|Any CPU.ActiveCfg = Release|Any CPU
		{149A4F3A-21ED-49F1-B91F-9A1825782722}.Release|Any CPU.Build.0 = Release|Any CPU
		{556D9CA0-7C16-4308-88D2-82B20737CEBA}.Debug|Any CPU.ActiveCfg = Debug|Any CPU
		{556D9CA0-7C16-4308-88D2-82B20737CEBA}.Debug|Any CPU.Build.0 = Debug|Any CPU
		{556D9CA0-7C16-4308-88D2-82B20737CEBA}.Release|Any CPU.ActiveCfg = Release|Any CPU
		{556D9CA0-7C16-4308-88D2-82B20737CEBA}.Release|Any CPU.Build.0 = Release|Any CPU
		{AD66416E-E14F-4C2A-9745-72BC36555C6E}.Debug|Any CPU.ActiveCfg = Debug|Any CPU
		{AD66416E-E14F-4C2A-9745-72BC36555C6E}.Debug|Any CPU.Build.0 = Debug|Any CPU
		{AD66416E-E14F-4C2A-9745-72BC36555C6E}.Release|Any CPU.ActiveCfg = Release|Any CPU
		{AD66416E-E14F-4C2A-9745-72BC36555C6E}.Release|Any CPU.Build.0 = Release|Any CPU
		{2197CE46-CE59-4049-B80F-64D79EB76770}.Debug|Any CPU.ActiveCfg = Debug|Any CPU
		{2197CE46-CE59-4049-B80F-64D79EB76770}.Debug|Any CPU.Build.0 = Debug|Any CPU
		{2197CE46-CE59-4049-B80F-64D79EB76770}.Release|Any CPU.ActiveCfg = Release|Any CPU
		{2197CE46-CE59-4049-B80F-64D79EB76770}.Release|Any CPU.Build.0 = Release|Any CPU
		{8062BA0A-7EBE-43F3-9821-CEA454A42C16}.Debug|Any CPU.ActiveCfg = Debug|Any CPU
		{8062BA0A-7EBE-43F3-9821-CEA454A42C16}.Debug|Any CPU.Build.0 = Debug|Any CPU
		{8062BA0A-7EBE-43F3-9821-CEA454A42C16}.Release|Any CPU.ActiveCfg = Release|Any CPU
		{8062BA0A-7EBE-43F3-9821-CEA454A42C16}.Release|Any CPU.Build.0 = Release|Any CPU
	EndGlobalSection
	GlobalSection(SolutionProperties) = preSolution
		HideSolutionNode = FALSE
	EndGlobalSection
	GlobalSection(ExtensibilityGlobals) = postSolution
		SolutionGuid = {701BE4E8-AED1-4FBA-8AA6-150426A18E80}
	EndGlobalSection
EndGlobal
