
Microsoft Visual Studio Solution File, Format Version 12.00
# Visual Studio Version 17
VisualStudioVersion = 17.8.34511.84
MinimumVisualStudioVersion = 10.0.40219.1
Project("{FAE04EC0-301F-11D3-BF4B-00C04F79EFBC}") = "01. Freezing Weather", "1. Freezing Weather\01. Freezing Weather.csproj", "{B100AA37-F2B3-45DF-910B-CF861CDDF712}"
EndProject
Project("{FAE04EC0-301F-11D3-BF4B-00C04F79EFBC}") = "02. Even or Odd", "2. Even or Odd\02. Even or Odd.csproj", "{4DB12831-55B0-4942-9142-6DE2CDFA2DBF}"
EndProject
Project("{FAE04EC0-301F-11D3-BF4B-00C04F79EFBC}") = "03. Number 1…9 as Words", "3. Number 1…9 as Words\03. Number 1…9 as Words.csproj", "{632B5F62-515F-48F2-B843-958ECA4AF0DF}"
EndProject
Project("{FAE04EC0-301F-11D3-BF4B-00C04F79EFBC}") = "04. Greater Number", "4. Greater Number\04. Greater Number.csproj", "{E1CBC20A-3012-43A2-AD6C-09304D367B7E}"
EndProject
Project("{FAE04EC0-301F-11D3-BF4B-00C04F79EFBC}") = "05. Guess the Password", "5. Guess the Password\05. Guess the Password.csproj", "{652673EB-E369-40D0-8C6C-B10C07250F1E}"
EndProject
Project("{FAE04EC0-301F-11D3-BF4B-00C04F79EFBC}") = "06. Boiling Water", "6. Boiling Water\06. Boiling Water.csproj", "{B651086D-B84E-4B91-834E-05577661FE35}"
EndProject
Project("{FAE04EC0-301F-11D3-BF4B-00C04F79EFBC}") = "07. Speed Info", "7. Speed Info\07. Speed Info.csproj", "{5F207014-406E-4A1C-9F92-B0AE84BE4A9F}"
EndProject
Project("{FAE04EC0-301F-11D3-BF4B-00C04F79EFBC}") = "08. Ticket Price", "8. Ticket Price\08. Ticket Price.csproj", "{2C53B61F-A791-436B-AEFF-A6166FFB0163}"
EndProject
Project("{FAE04EC0-301F-11D3-BF4B-00C04F79EFBC}") = "09. Area of Figures", "9. Area of Figures\09. Area of Figures.csproj", "{739EC3C7-9ED6-4D78-A54C-9C4702CFCBE1}"
EndProject
Project("{FAE04EC0-301F-11D3-BF4B-00C04F79EFBC}") = "10. Valid Triangle", "10. Valid Triangle\10. Valid Triangle.csproj", "{E4843E8C-FE4F-4167-8CAE-69653640EFB9}"
EndProject
Project("{FAE04EC0-301F-11D3-BF4B-00C04F79EFBC}") = "11. Coffee Shop", "11. Coffee Shop\11. Coffee Shop.csproj", "{7B2B6F2C-B9C6-436D-80D0-C2D58AC5B6D7}"
EndProject
Global
	GlobalSection(SolutionConfigurationPlatforms) = preSolution
		Debug|Any CPU = Debug|Any CPU
		Release|Any CPU = Release|Any CPU
	EndGlobalSection
	GlobalSection(ProjectConfigurationPlatforms) = postSolution
		{B100AA37-F2B3-45DF-910B-CF861CDDF712}.Debug|Any CPU.ActiveCfg = Debug|Any CPU
		{B100AA37-F2B3-45DF-910B-CF861CDDF712}.Debug|Any CPU.Build.0 = Debug|Any CPU
		{B100AA37-F2B3-45DF-910B-CF861CDDF712}.Release|Any CPU.ActiveCfg = Release|Any CPU
		{B100AA37-F2B3-45DF-910B-CF861CDDF712}.Release|Any CPU.Build.0 = Release|Any CPU
		{4DB12831-55B0-4942-9142-6DE2CDFA2DBF}.Debug|Any CPU.ActiveCfg = Debug|Any CPU
		{4DB12831-55B0-4942-9142-6DE2CDFA2DBF}.Debug|Any CPU.Build.0 = Debug|Any CPU
		{4DB12831-55B0-4942-9142-6DE2CDFA2DBF}.Release|Any CPU.ActiveCfg = Release|Any CPU
		{4DB12831-55B0-4942-9142-6DE2CDFA2DBF}.Release|Any CPU.Build.0 = Release|Any CPU
		{632B5F62-515F-48F2-B843-958ECA4AF0DF}.Debug|Any CPU.ActiveCfg = Debug|Any CPU
		{632B5F62-515F-48F2-B843-958ECA4AF0DF}.Debug|Any CPU.Build.0 = Debug|Any CPU
		{632B5F62-515F-48F2-B843-958ECA4AF0DF}.Release|Any CPU.ActiveCfg = Release|Any CPU
		{632B5F62-515F-48F2-B843-958ECA4AF0DF}.Release|Any CPU.Build.0 = Release|Any CPU
		{E1CBC20A-3012-43A2-AD6C-09304D367B7E}.Debug|Any CPU.ActiveCfg = Debug|Any CPU
		{E1CBC20A-3012-43A2-AD6C-09304D367B7E}.Debug|Any CPU.Build.0 = Debug|Any CPU
		{E1CBC20A-3012-43A2-AD6C-09304D367B7E}.Release|Any CPU.ActiveCfg = Release|Any CPU
		{E1CBC20A-3012-43A2-AD6C-09304D367B7E}.Release|Any CPU.Build.0 = Release|Any CPU
		{652673EB-E369-40D0-8C6C-B10C07250F1E}.Debug|Any CPU.ActiveCfg = Debug|Any CPU
		{652673EB-E369-40D0-8C6C-B10C07250F1E}.Debug|Any CPU.Build.0 = Debug|Any CPU
		{652673EB-E369-40D0-8C6C-B10C07250F1E}.Release|Any CPU.ActiveCfg = Release|Any CPU
		{652673EB-E369-40D0-8C6C-B10C07250F1E}.Release|Any CPU.Build.0 = Release|Any CPU
		{B651086D-B84E-4B91-834E-05577661FE35}.Debug|Any CPU.ActiveCfg = Debug|Any CPU
		{B651086D-B84E-4B91-834E-05577661FE35}.Debug|Any CPU.Build.0 = Debug|Any CPU
		{B651086D-B84E-4B91-834E-05577661FE35}.Release|Any CPU.ActiveCfg = Release|Any CPU
		{B651086D-B84E-4B91-834E-05577661FE35}.Release|Any CPU.Build.0 = Release|Any CPU
		{5F207014-406E-4A1C-9F92-B0AE84BE4A9F}.Debug|Any CPU.ActiveCfg = Debug|Any CPU
		{5F207014-406E-4A1C-9F92-B0AE84BE4A9F}.Debug|Any CPU.Build.0 = Debug|Any CPU
		{5F207014-406E-4A1C-9F92-B0AE84BE4A9F}.Release|Any CPU.ActiveCfg = Release|Any CPU
		{5F207014-406E-4A1C-9F92-B0AE84BE4A9F}.Release|Any CPU.Build.0 = Release|Any CPU
		{2C53B61F-A791-436B-AEFF-A6166FFB0163}.Debug|Any CPU.ActiveCfg = Debug|Any CPU
		{2C53B61F-A791-436B-AEFF-A6166FFB0163}.Debug|Any CPU.Build.0 = Debug|Any CPU
		{2C53B61F-A791-436B-AEFF-A6166FFB0163}.Release|Any CPU.ActiveCfg = Release|Any CPU
		{2C53B61F-A791-436B-AEFF-A6166FFB0163}.Release|Any CPU.Build.0 = Release|Any CPU
		{739EC3C7-9ED6-4D78-A54C-9C4702CFCBE1}.Debug|Any CPU.ActiveCfg = Debug|Any CPU
		{739EC3C7-9ED6-4D78-A54C-9C4702CFCBE1}.Debug|Any CPU.Build.0 = Debug|Any CPU
		{739EC3C7-9ED6-4D78-A54C-9C4702CFCBE1}.Release|Any CPU.ActiveCfg = Release|Any CPU
		{739EC3C7-9ED6-4D78-A54C-9C4702CFCBE1}.Release|Any CPU.Build.0 = Release|Any CPU
		{E4843E8C-FE4F-4167-8CAE-69653640EFB9}.Debug|Any CPU.ActiveCfg = Debug|Any CPU
		{E4843E8C-FE4F-4167-8CAE-69653640EFB9}.Debug|Any CPU.Build.0 = Debug|Any CPU
		{E4843E8C-FE4F-4167-8CAE-69653640EFB9}.Release|Any CPU.ActiveCfg = Release|Any CPU
		{E4843E8C-FE4F-4167-8CAE-69653640EFB9}.Release|Any CPU.Build.0 = Release|Any CPU
		{7B2B6F2C-B9C6-436D-80D0-C2D58AC5B6D7}.Debug|Any CPU.ActiveCfg = Debug|Any CPU
		{7B2B6F2C-B9C6-436D-80D0-C2D58AC5B6D7}.Debug|Any CPU.Build.0 = Debug|Any CPU
		{7B2B6F2C-B9C6-436D-80D0-C2D58AC5B6D7}.Release|Any CPU.ActiveCfg = Release|Any CPU
		{7B2B6F2C-B9C6-436D-80D0-C2D58AC5B6D7}.Release|Any CPU.Build.0 = Release|Any CPU
	EndGlobalSection
	GlobalSection(SolutionProperties) = preSolution
		HideSolutionNode = FALSE
	EndGlobalSection
	GlobalSection(ExtensibilityGlobals) = postSolution
		SolutionGuid = {7A8CC716-5B6B-4720-ADEF-B3A16D4ED001}
	EndGlobalSection
EndGlobal
