
Microsoft Visual Studio Solution File, Format Version 12.00
# Visual Studio Version 17
VisualStudioVersion = 17.8.34511.84
MinimumVisualStudioVersion = 10.0.40219.1
Project("{FAE04EC0-301F-11D3-BF4B-00C04F79EFBC}") = "1. Convertor - USD to EUR", "1. Convertor - USD to EUR\1. Convertor - USD to EUR.csproj", "{291D828B-9AEA-4D9F-BA72-7BE96CFC3E46}"
EndProject
Project("{FAE04EC0-301F-11D3-BF4B-00C04F79EFBC}") = "2. Four Operations", "2. Four Operations\2. Four Operations.csproj", "{CC8A086B-F4CA-4F90-88DE-1FB97FDE8B87}"
EndProject
Project("{FAE04EC0-301F-11D3-BF4B-00C04F79EFBC}") = "3. Market", "3. Market\3. Market.csproj", "{8F00B06D-1CCE-4945-B990-C4F6AF54FCB3}"
EndProject
Project("{FAE04EC0-301F-11D3-BF4B-00C04F79EFBC}") = "4. Tiles", "4. Tiles\4. Tiles.csproj", "{4BF40A0A-9B83-44DB-B527-481232C0CD5B}"
EndProject
Project("{FAE04EC0-301F-11D3-BF4B-00C04F79EFBC}") = "5. Deposit Calculator", "5. Deposit Calculator\5. Deposit Calculator.csproj", "{0C685EC2-AE31-4050-8A28-AD4404134372}"
EndProject
Project("{FAE04EC0-301F-11D3-BF4B-00C04F79EFBC}") = "6. Mandatory Literature", "6. Mandatory Literature\6. Mandatory Literature.csproj", "{7868FBB3-6ECB-4F74-9FC6-780A9CCC89B7}"
EndProject
Project("{FAE04EC0-301F-11D3-BF4B-00C04F79EFBC}") = "7. Supplies for School", "7. Supplies for School\7. Supplies for School.csproj", "{C04D4EA0-88E7-412F-B55F-59B98CDB24ED}"
EndProject
Global
	GlobalSection(SolutionConfigurationPlatforms) = preSolution
		Debug|Any CPU = Debug|Any CPU
		Release|Any CPU = Release|Any CPU
	EndGlobalSection
	GlobalSection(ProjectConfigurationPlatforms) = postSolution
		{291D828B-9AEA-4D9F-BA72-7BE96CFC3E46}.Debug|Any CPU.ActiveCfg = Debug|Any CPU
		{291D828B-9AEA-4D9F-BA72-7BE96CFC3E46}.Debug|Any CPU.Build.0 = Debug|Any CPU
		{291D828B-9AEA-4D9F-BA72-7BE96CFC3E46}.Release|Any CPU.ActiveCfg = Release|Any CPU
		{291D828B-9AEA-4D9F-BA72-7BE96CFC3E46}.Release|Any CPU.Build.0 = Release|Any CPU
		{CC8A086B-F4CA-4F90-88DE-1FB97FDE8B87}.Debug|Any CPU.ActiveCfg = Debug|Any CPU
		{CC8A086B-F4CA-4F90-88DE-1FB97FDE8B87}.Debug|Any CPU.Build.0 = Debug|Any CPU
		{CC8A086B-F4CA-4F90-88DE-1FB97FDE8B87}.Release|Any CPU.ActiveCfg = Release|Any CPU
		{CC8A086B-F4CA-4F90-88DE-1FB97FDE8B87}.Release|Any CPU.Build.0 = Release|Any CPU
		{8F00B06D-1CCE-4945-B990-C4F6AF54FCB3}.Debug|Any CPU.ActiveCfg = Debug|Any CPU
		{8F00B06D-1CCE-4945-B990-C4F6AF54FCB3}.Debug|Any CPU.Build.0 = Debug|Any CPU
		{8F00B06D-1CCE-4945-B990-C4F6AF54FCB3}.Release|Any CPU.ActiveCfg = Release|Any CPU
		{8F00B06D-1CCE-4945-B990-C4F6AF54FCB3}.Release|Any CPU.Build.0 = Release|Any CPU
		{4BF40A0A-9B83-44DB-B527-481232C0CD5B}.Debug|Any CPU.ActiveCfg = Debug|Any CPU
		{4BF40A0A-9B83-44DB-B527-481232C0CD5B}.Debug|Any CPU.Build.0 = Debug|Any CPU
		{4BF40A0A-9B83-44DB-B527-481232C0CD5B}.Release|Any CPU.ActiveCfg = Release|Any CPU
		{4BF40A0A-9B83-44DB-B527-481232C0CD5B}.Release|Any CPU.Build.0 = Release|Any CPU
		{0C685EC2-AE31-4050-8A28-AD4404134372}.Debug|Any CPU.ActiveCfg = Debug|Any CPU
		{0C685EC2-AE31-4050-8A28-AD4404134372}.Debug|Any CPU.Build.0 = Debug|Any CPU
		{0C685EC2-AE31-4050-8A28-AD4404134372}.Release|Any CPU.ActiveCfg = Release|Any CPU
		{0C685EC2-AE31-4050-8A28-AD4404134372}.Release|Any CPU.Build.0 = Release|Any CPU
		{7868FBB3-6ECB-4F74-9FC6-780A9CCC89B7}.Debug|Any CPU.ActiveCfg = Debug|Any CPU
		{7868FBB3-6ECB-4F74-9FC6-780A9CCC89B7}.Debug|Any CPU.Build.0 = Debug|Any CPU
		{7868FBB3-6ECB-4F74-9FC6-780A9CCC89B7}.Release|Any CPU.ActiveCfg = Release|Any CPU
		{7868FBB3-6ECB-4F74-9FC6-780A9CCC89B7}.Release|Any CPU.Build.0 = Release|Any CPU
		{C04D4EA0-88E7-412F-B55F-59B98CDB24ED}.Debug|Any CPU.ActiveCfg = Debug|Any CPU
		{C04D4EA0-88E7-412F-B55F-59B98CDB24ED}.Debug|Any CPU.Build.0 = Debug|Any CPU
		{C04D4EA0-88E7-412F-B55F-59B98CDB24ED}.Release|Any CPU.ActiveCfg = Release|Any CPU
		{C04D4EA0-88E7-412F-B55F-59B98CDB24ED}.Release|Any CPU.Build.0 = Release|Any CPU
	EndGlobalSection
	GlobalSection(SolutionProperties) = preSolution
		HideSolutionNode = FALSE
	EndGlobalSection
	GlobalSection(ExtensibilityGlobals) = postSolution
		SolutionGuid = {05323CC4-8D9F-46E0-820C-EF2CD23D3E7D}
	EndGlobalSection
EndGlobal
