
Microsoft Visual Studio Solution File, Format Version 12.00
# Visual Studio Version 17
VisualStudioVersion = 17.8.34511.84
MinimumVisualStudioVersion = 10.0.40219.1
Project("{9A19103F-16F7-4668-BE54-9A1E7A4F7556}") = "01. Number Type", "1. Number Type\01. Number Type.csproj", "{2A8E0E7F-6D90-422A-818D-9D67D464E0B8}"
EndProject
Project("{9A19103F-16F7-4668-BE54-9A1E7A4F7556}") = "02. ATM", "2. ATM\02. ATM.csproj", "{50CC696A-13BF-41B1-95AE-6E327BFB8CBB}"
EndProject
Project("{FAE04EC0-301F-11D3-BF4B-00C04F79EFBC}") = "03. Five numbers", "3. Five numbers\03. Five numbers.csproj", "{89FA0092-34DF-43CC-8D7B-F90AFD9B284E}"
EndProject
Project("{FAE04EC0-301F-11D3-BF4B-00C04F79EFBC}") = "04. Number Operations", "4. Number Operations\04. Number Operations.csproj", "{234ADB5D-DB37-4006-9212-FF3BA1076B63}"
EndProject
Project("{FAE04EC0-301F-11D3-BF4B-00C04F79EFBC}") = "05. Vacation Expenses", "5. Vacation Expenses\05. Vacation Expenses.csproj", "{06E8DA80-D435-4CE6-9944-5A7224B8F8AC}"
EndProject
Project("{FAE04EC0-301F-11D3-BF4B-00C04F79EFBC}") = "06. Three Numbers", "6. Three Numbers\06. Three Numbers.csproj", "{F6E585AA-5102-424D-855A-E0CC9FA71F34}"
EndProject
Project("{FAE04EC0-301F-11D3-BF4B-00C04F79EFBC}") = "07. Working Hours", "7. Working Hours\07. Working Hours.csproj", "{32B2C7C7-3F79-4DC9-BBB9-E91B446AE933}"
EndProject
Project("{FAE04EC0-301F-11D3-BF4B-00C04F79EFBC}") = "08. Fruit or not", "8. Fruit or not\08. Fruit or not.csproj", "{4A34C8B1-2BA2-4074-A40B-9F0E781DDC2E}"
EndProject
Project("{FAE04EC0-301F-11D3-BF4B-00C04F79EFBC}") = "09. Sum Seconds", "9. Sum Seconds\09. Sum Seconds.csproj", "{835AB7ED-E05F-4869-BB47-BE6F0170F08F}"
EndProject
Project("{FAE04EC0-301F-11D3-BF4B-00C04F79EFBC}") = "10. Summer Outfit", "10. Summer Outfit\10. Summer Outfit.csproj", "{6FF60DF0-CEB6-4537-BB70-35B6439B7C58}"
EndProject
Global
	GlobalSection(SolutionConfigurationPlatforms) = preSolution
		Debug|Any CPU = Debug|Any CPU
		Release|Any CPU = Release|Any CPU
	EndGlobalSection
	GlobalSection(ProjectConfigurationPlatforms) = postSolution
		{2A8E0E7F-6D90-422A-818D-9D67D464E0B8}.Debug|Any CPU.ActiveCfg = Debug|Any CPU
		{2A8E0E7F-6D90-422A-818D-9D67D464E0B8}.Debug|Any CPU.Build.0 = Debug|Any CPU
		{2A8E0E7F-6D90-422A-818D-9D67D464E0B8}.Release|Any CPU.ActiveCfg = Release|Any CPU
		{2A8E0E7F-6D90-422A-818D-9D67D464E0B8}.Release|Any CPU.Build.0 = Release|Any CPU
		{50CC696A-13BF-41B1-95AE-6E327BFB8CBB}.Debug|Any CPU.ActiveCfg = Debug|Any CPU
		{50CC696A-13BF-41B1-95AE-6E327BFB8CBB}.Debug|Any CPU.Build.0 = Debug|Any CPU
		{50CC696A-13BF-41B1-95AE-6E327BFB8CBB}.Release|Any CPU.ActiveCfg = Release|Any CPU
		{50CC696A-13BF-41B1-95AE-6E327BFB8CBB}.Release|Any CPU.Build.0 = Release|Any CPU
		{89FA0092-34DF-43CC-8D7B-F90AFD9B284E}.Debug|Any CPU.ActiveCfg = Debug|Any CPU
		{89FA0092-34DF-43CC-8D7B-F90AFD9B284E}.Debug|Any CPU.Build.0 = Debug|Any CPU
		{89FA0092-34DF-43CC-8D7B-F90AFD9B284E}.Release|Any CPU.ActiveCfg = Release|Any CPU
		{89FA0092-34DF-43CC-8D7B-F90AFD9B284E}.Release|Any CPU.Build.0 = Release|Any CPU
		{234ADB5D-DB37-4006-9212-FF3BA1076B63}.Debug|Any CPU.ActiveCfg = Debug|Any CPU
		{234ADB5D-DB37-4006-9212-FF3BA1076B63}.Debug|Any CPU.Build.0 = Debug|Any CPU
		{234ADB5D-DB37-4006-9212-FF3BA1076B63}.Release|Any CPU.ActiveCfg = Release|Any CPU
		{234ADB5D-DB37-4006-9212-FF3BA1076B63}.Release|Any CPU.Build.0 = Release|Any CPU
		{06E8DA80-D435-4CE6-9944-5A7224B8F8AC}.Debug|Any CPU.ActiveCfg = Debug|Any CPU
		{06E8DA80-D435-4CE6-9944-5A7224B8F8AC}.Debug|Any CPU.Build.0 = Debug|Any CPU
		{06E8DA80-D435-4CE6-9944-5A7224B8F8AC}.Release|Any CPU.ActiveCfg = Release|Any CPU
		{06E8DA80-D435-4CE6-9944-5A7224B8F8AC}.Release|Any CPU.Build.0 = Release|Any CPU
		{F6E585AA-5102-424D-855A-E0CC9FA71F34}.Debug|Any CPU.ActiveCfg = Debug|Any CPU
		{F6E585AA-5102-424D-855A-E0CC9FA71F34}.Debug|Any CPU.Build.0 = Debug|Any CPU
		{F6E585AA-5102-424D-855A-E0CC9FA71F34}.Release|Any CPU.ActiveCfg = Release|Any CPU
		{F6E585AA-5102-424D-855A-E0CC9FA71F34}.Release|Any CPU.Build.0 = Release|Any CPU
		{32B2C7C7-3F79-4DC9-BBB9-E91B446AE933}.Debug|Any CPU.ActiveCfg = Debug|Any CPU
		{32B2C7C7-3F79-4DC9-BBB9-E91B446AE933}.Debug|Any CPU.Build.0 = Debug|Any CPU
		{32B2C7C7-3F79-4DC9-BBB9-E91B446AE933}.Release|Any CPU.ActiveCfg = Release|Any CPU
		{32B2C7C7-3F79-4DC9-BBB9-E91B446AE933}.Release|Any CPU.Build.0 = Release|Any CPU
		{4A34C8B1-2BA2-4074-A40B-9F0E781DDC2E}.Debug|Any CPU.ActiveCfg = Debug|Any CPU
		{4A34C8B1-2BA2-4074-A40B-9F0E781DDC2E}.Debug|Any CPU.Build.0 = Debug|Any CPU
		{4A34C8B1-2BA2-4074-A40B-9F0E781DDC2E}.Release|Any CPU.ActiveCfg = Release|Any CPU
		{4A34C8B1-2BA2-4074-A40B-9F0E781DDC2E}.Release|Any CPU.Build.0 = Release|Any CPU
		{835AB7ED-E05F-4869-BB47-BE6F0170F08F}.Debug|Any CPU.ActiveCfg = Debug|Any CPU
		{835AB7ED-E05F-4869-BB47-BE6F0170F08F}.Debug|Any CPU.Build.0 = Debug|Any CPU
		{835AB7ED-E05F-4869-BB47-BE6F0170F08F}.Release|Any CPU.ActiveCfg = Release|Any CPU
		{835AB7ED-E05F-4869-BB47-BE6F0170F08F}.Release|Any CPU.Build.0 = Release|Any CPU
		{6FF60DF0-CEB6-4537-BB70-35B6439B7C58}.Debug|Any CPU.ActiveCfg = Debug|Any CPU
		{6FF60DF0-CEB6-4537-BB70-35B6439B7C58}.Debug|Any CPU.Build.0 = Debug|Any CPU
		{6FF60DF0-CEB6-4537-BB70-35B6439B7C58}.Release|Any CPU.ActiveCfg = Release|Any CPU
		{6FF60DF0-CEB6-4537-BB70-35B6439B7C58}.Release|Any CPU.Build.0 = Release|Any CPU
	EndGlobalSection
	GlobalSection(SolutionProperties) = preSolution
		HideSolutionNode = FALSE
	EndGlobalSection
	GlobalSection(ExtensibilityGlobals) = postSolution
		SolutionGuid = {61CDEB43-B001-4A65-9F9A-6B2E9F376486}
	EndGlobalSection
EndGlobal
