
Microsoft Visual Studio Solution File, Format Version 12.00
# Visual Studio Version 17
VisualStudioVersion = 17.8.34525.116
MinimumVisualStudioVersion = 10.0.40219.1
Project("{FAE04EC0-301F-11D3-BF4B-00C04F79EFBC}") = "1. Magic Numbers", "1. Magic Numbers\1. Magic Numbers.csproj", "{E608BE42-9D9D-41E7-99F2-E6489256B5DB}"
EndProject
Project("{FAE04EC0-301F-11D3-BF4B-00C04F79EFBC}") = "2. Min  Max Values", "2. Min  Max Values\2. Min  Max Values.csproj", "{226A55B6-48F5-4FF5-9701-50EA9A73BB78}"
EndProject
Global
	GlobalSection(SolutionConfigurationPlatforms) = preSolution
		Debug|Any CPU = Debug|Any CPU
		Release|Any CPU = Release|Any CPU
	EndGlobalSection
	GlobalSection(ProjectConfigurationPlatforms) = postSolution
		{E608BE42-9D9D-41E7-99F2-E6489256B5DB}.Debug|Any CPU.ActiveCfg = Debug|Any CPU
		{E608BE42-9D9D-41E7-99F2-E6489256B5DB}.Debug|Any CPU.Build.0 = Debug|Any CPU
		{E608BE42-9D9D-41E7-99F2-E6489256B5DB}.Release|Any CPU.ActiveCfg = Release|Any CPU
		{E608BE42-9D9D-41E7-99F2-E6489256B5DB}.Release|Any CPU.Build.0 = Release|Any CPU
		{226A55B6-48F5-4FF5-9701-50EA9A73BB78}.Debug|Any CPU.ActiveCfg = Debug|Any CPU
		{226A55B6-48F5-4FF5-9701-50EA9A73BB78}.Debug|Any CPU.Build.0 = Debug|Any CPU
		{226A55B6-48F5-4FF5-9701-50EA9A73BB78}.Release|Any CPU.ActiveCfg = Release|Any CPU
		{226A55B6-48F5-4FF5-9701-50EA9A73BB78}.Release|Any CPU.Build.0 = Release|Any CPU
	EndGlobalSection
	GlobalSection(SolutionProperties) = preSolution
		HideSolutionNode = FALSE
	EndGlobalSection
	GlobalSection(ExtensibilityGlobals) = postSolution
		SolutionGuid = {DF34E6A3-0AB2-4862-84A1-95AA35A7E9DF}
	EndGlobalSection
EndGlobal
