
Microsoft Visual Studio Solution File, Format Version 12.00
# Visual Studio Version 17
VisualStudioVersion = 17.8.34525.116
MinimumVisualStudioVersion = 10.0.40219.1
Project("{FAE04EC0-301F-11D3-BF4B-00C04F79EFBC}") = "1. Sum Factorial Even Digits", "1. Sum Factorial Even Digits\1. Sum Factorial Even Digits.csproj", "{4C0F65E4-8A73-406E-87FD-9E172F9E0B9C}"
EndProject
Project("{FAE04EC0-301F-11D3-BF4B-00C04F79EFBC}") = "2. Middle Elements", "2. Middle Elements\2. Middle Elements.csproj", "{05798C2C-0938-4858-85CD-0CD6A46E01BA}"
EndProject
Global
	GlobalSection(SolutionConfigurationPlatforms) = preSolution
		Debug|Any CPU = Debug|Any CPU
		Release|Any CPU = Release|Any CPU
	EndGlobalSection
	GlobalSection(ProjectConfigurationPlatforms) = postSolution
		{4C0F65E4-8A73-406E-87FD-9E172F9E0B9C}.Debug|Any CPU.ActiveCfg = Debug|Any CPU
		{4C0F65E4-8A73-406E-87FD-9E172F9E0B9C}.Debug|Any CPU.Build.0 = Debug|Any CPU
		{4C0F65E4-8A73-406E-87FD-9E172F9E0B9C}.Release|Any CPU.ActiveCfg = Release|Any CPU
		{4C0F65E4-8A73-406E-87FD-9E172F9E0B9C}.Release|Any CPU.Build.0 = Release|Any CPU
		{05798C2C-0938-4858-85CD-0CD6A46E01BA}.Debug|Any CPU.ActiveCfg = Debug|Any CPU
		{05798C2C-0938-4858-85CD-0CD6A46E01BA}.Debug|Any CPU.Build.0 = Debug|Any CPU
		{05798C2C-0938-4858-85CD-0CD6A46E01BA}.Release|Any CPU.ActiveCfg = Release|Any CPU
		{05798C2C-0938-4858-85CD-0CD6A46E01BA}.Release|Any CPU.Build.0 = Release|Any CPU
	EndGlobalSection
	GlobalSection(SolutionProperties) = preSolution
		HideSolutionNode = FALSE
	EndGlobalSection
	GlobalSection(ExtensibilityGlobals) = postSolution
		SolutionGuid = {F33CBE0C-B7AB-423F-A986-9E2123B21CA3}
	EndGlobalSection
EndGlobal
