
Microsoft Visual Studio Solution File, Format Version 12.00
# Visual Studio Version 17
VisualStudioVersion = 17.8.34511.84
MinimumVisualStudioVersion = 10.0.40219.1
Project("{FAE04EC0-301F-11D3-BF4B-00C04F79EFBC}") = "1. Numbers in Range", "1. Numbers in Range\1. Numbers in Range.csproj", "{CBF67E8A-A6A3-41F4-971C-66A9DB6ADEAC}"
EndProject
Project("{FAE04EC0-301F-11D3-BF4B-00C04F79EFBC}") = "2. First N Numbers Sum", "2. First N Numbers Sum\2. First N Numbers Sum.csproj", "{B44B230F-928E-4F55-8D25-6A924B7DA2BE}"
EndProject
Project("{FAE04EC0-301F-11D3-BF4B-00C04F79EFBC}") = "3. Sum Numbers", "3. Sum Numbers\3. Sum Numbers.csproj", "{1F736CC2-0CA8-4B50-BF3B-450611F47885}"
EndProject
Project("{FAE04EC0-301F-11D3-BF4B-00C04F79EFBC}") = "4. Numbers Ending in 7", "4. Numbers Ending in 7\4. Numbers Ending in 7.csproj", "{ED24F42C-A83F-46AD-AE48-7B4F27CBADA3}"
EndProject
Project("{FAE04EC0-301F-11D3-BF4B-00C04F79EFBC}") = "5. Numbers From 1 to N over 3", "5. Numbers From 1 to N over 3\5. Numbers From 1 to N over 3.csproj", "{9B1936ED-848F-4F7E-B8E7-26749BB29A9A}"
EndProject
Project("{FAE04EC0-301F-11D3-BF4B-00C04F79EFBC}") = "6. Exam Countdown", "6. Exam Countdown\6. Exam Countdown.csproj", "{C647F333-8FDB-450B-9605-E3D7A779048E}"
EndProject
Project("{FAE04EC0-301F-11D3-BF4B-00C04F79EFBC}") = "7. Latin Letters", "7. Latin Letters\7. Latin Letters.csproj", "{FAB4F45A-6F5B-4B34-AB51-53E55440EEE1}"
EndProject
Global
	GlobalSection(SolutionConfigurationPlatforms) = preSolution
		Debug|Any CPU = Debug|Any CPU
		Release|Any CPU = Release|Any CPU
	EndGlobalSection
	GlobalSection(ProjectConfigurationPlatforms) = postSolution
		{CBF67E8A-A6A3-41F4-971C-66A9DB6ADEAC}.Debug|Any CPU.ActiveCfg = Debug|Any CPU
		{CBF67E8A-A6A3-41F4-971C-66A9DB6ADEAC}.Debug|Any CPU.Build.0 = Debug|Any CPU
		{CBF67E8A-A6A3-41F4-971C-66A9DB6ADEAC}.Release|Any CPU.ActiveCfg = Release|Any CPU
		{CBF67E8A-A6A3-41F4-971C-66A9DB6ADEAC}.Release|Any CPU.Build.0 = Release|Any CPU
		{B44B230F-928E-4F55-8D25-6A924B7DA2BE}.Debug|Any CPU.ActiveCfg = Debug|Any CPU
		{B44B230F-928E-4F55-8D25-6A924B7DA2BE}.Debug|Any CPU.Build.0 = Debug|Any CPU
		{B44B230F-928E-4F55-8D25-6A924B7DA2BE}.Release|Any CPU.ActiveCfg = Release|Any CPU
		{B44B230F-928E-4F55-8D25-6A924B7DA2BE}.Release|Any CPU.Build.0 = Release|Any CPU
		{1F736CC2-0CA8-4B50-BF3B-450611F47885}.Debug|Any CPU.ActiveCfg = Debug|Any CPU
		{1F736CC2-0CA8-4B50-BF3B-450611F47885}.Debug|Any CPU.Build.0 = Debug|Any CPU
		{1F736CC2-0CA8-4B50-BF3B-450611F47885}.Release|Any CPU.ActiveCfg = Release|Any CPU
		{1F736CC2-0CA8-4B50-BF3B-450611F47885}.Release|Any CPU.Build.0 = Release|Any CPU
		{ED24F42C-A83F-46AD-AE48-7B4F27CBADA3}.Debug|Any CPU.ActiveCfg = Debug|Any CPU
		{ED24F42C-A83F-46AD-AE48-7B4F27CBADA3}.Debug|Any CPU.Build.0 = Debug|Any CPU
		{ED24F42C-A83F-46AD-AE48-7B4F27CBADA3}.Release|Any CPU.ActiveCfg = Release|Any CPU
		{ED24F42C-A83F-46AD-AE48-7B4F27CBADA3}.Release|Any CPU.Build.0 = Release|Any CPU
		{9B1936ED-848F-4F7E-B8E7-26749BB29A9A}.Debug|Any CPU.ActiveCfg = Debug|Any CPU
		{9B1936ED-848F-4F7E-B8E7-26749BB29A9A}.Debug|Any CPU.Build.0 = Debug|Any CPU
		{9B1936ED-848F-4F7E-B8E7-26749BB29A9A}.Release|Any CPU.ActiveCfg = Release|Any CPU
		{9B1936ED-848F-4F7E-B8E7-26749BB29A9A}.Release|Any CPU.Build.0 = Release|Any CPU
		{C647F333-8FDB-450B-9605-E3D7A779048E}.Debug|Any CPU.ActiveCfg = Debug|Any CPU
		{C647F333-8FDB-450B-9605-E3D7A779048E}.Debug|Any CPU.Build.0 = Debug|Any CPU
		{C647F333-8FDB-450B-9605-E3D7A779048E}.Release|Any CPU.ActiveCfg = Release|Any CPU
		{C647F333-8FDB-450B-9605-E3D7A779048E}.Release|Any CPU.Build.0 = Release|Any CPU
		{FAB4F45A-6F5B-4B34-AB51-53E55440EEE1}.Debug|Any CPU.ActiveCfg = Debug|Any CPU
		{FAB4F45A-6F5B-4B34-AB51-53E55440EEE1}.Debug|Any CPU.Build.0 = Debug|Any CPU
		{FAB4F45A-6F5B-4B34-AB51-53E55440EEE1}.Release|Any CPU.ActiveCfg = Release|Any CPU
		{FAB4F45A-6F5B-4B34-AB51-53E55440EEE1}.Release|Any CPU.Build.0 = Release|Any CPU
	EndGlobalSection
	GlobalSection(SolutionProperties) = preSolution
		HideSolutionNode = FALSE
	EndGlobalSection
	GlobalSection(ExtensibilityGlobals) = postSolution
		SolutionGuid = {0E7AC152-CD54-4E2A-97DE-DA573105CA3F}
	EndGlobalSection
EndGlobal
