
Microsoft Visual Studio Solution File, Format Version 12.00
# Visual Studio Version 17
VisualStudioVersion = 17.8.34525.116
MinimumVisualStudioVersion = 10.0.40219.1
Project("{FAE04EC0-301F-11D3-BF4B-00C04F79EFBC}") = "1. Sign of Integer Number", "1. Sign of Integer Number\1. Sign of Integer Number.csproj", "{07BDE21B-28E2-4CF3-94EA-0A3AD2A065B3}"
EndProject
Project("{FAE04EC0-301F-11D3-BF4B-00C04F79EFBC}") = "2. Grades", "2. Grades\2. Grades.csproj", "{09D9003E-EA8D-4EF1-B8AA-B9D84C725859}"
EndProject
Project("{FAE04EC0-301F-11D3-BF4B-00C04F79EFBC}") = "3. Printing Triangle", "3. Printing Triangle\3. Printing Triangle.csproj", "{C96DFEB5-7DE9-435C-BF9F-9182A4F06955}"
EndProject
Project("{FAE04EC0-301F-11D3-BF4B-00C04F79EFBC}") = "4. Calculate Rectangle Area", "4. Calculate Rectangle Area\4. Calculate Rectangle Area.csproj", "{54EEF1CD-A969-4A5D-AA0A-E40CC1BC629B}"
EndProject
Project("{FAE04EC0-301F-11D3-BF4B-00C04F79EFBC}") = "5. Repeat String", "5. Repeat String\5. Repeat String.csproj", "{43C48A2B-1EB8-43A4-913B-DE84E7C2A91F}"
EndProject
Project("{FAE04EC0-301F-11D3-BF4B-00C04F79EFBC}") = "6. Math Power", "6. Math Power\6. Math Power.csproj", "{BAE99587-918B-4390-879E-C41F96C4EE9A}"
EndProject
Project("{FAE04EC0-301F-11D3-BF4B-00C04F79EFBC}") = "7. Greater of Two Values", "07. Greater of Two Values\7. Greater of Two Values.csproj", "{30F5C170-2402-453D-BDBA-955290B33007}"
EndProject
Project("{FAE04EC0-301F-11D3-BF4B-00C04F79EFBC}") = "8. Multiply Evens by Odds", "8. Multiply Evens by Odds\8. Multiply Evens by Odds.csproj", "{94A653BB-E395-464A-B53E-EA78A663A060}"
EndProject
Project("{FAE04EC0-301F-11D3-BF4B-00C04F79EFBC}") = "9. Orders", "9. Orders\9. Orders.csproj", "{F17C552A-22F2-49C6-95AE-A448420568D8}"
EndProject
Global
	GlobalSection(SolutionConfigurationPlatforms) = preSolution
		Debug|Any CPU = Debug|Any CPU
		Release|Any CPU = Release|Any CPU
	EndGlobalSection
	GlobalSection(ProjectConfigurationPlatforms) = postSolution
		{07BDE21B-28E2-4CF3-94EA-0A3AD2A065B3}.Debug|Any CPU.ActiveCfg = Debug|Any CPU
		{07BDE21B-28E2-4CF3-94EA-0A3AD2A065B3}.Debug|Any CPU.Build.0 = Debug|Any CPU
		{07BDE21B-28E2-4CF3-94EA-0A3AD2A065B3}.Release|Any CPU.ActiveCfg = Release|Any CPU
		{07BDE21B-28E2-4CF3-94EA-0A3AD2A065B3}.Release|Any CPU.Build.0 = Release|Any CPU
		{09D9003E-EA8D-4EF1-B8AA-B9D84C725859}.Debug|Any CPU.ActiveCfg = Debug|Any CPU
		{09D9003E-EA8D-4EF1-B8AA-B9D84C725859}.Debug|Any CPU.Build.0 = Debug|Any CPU
		{09D9003E-EA8D-4EF1-B8AA-B9D84C725859}.Release|Any CPU.ActiveCfg = Release|Any CPU
		{09D9003E-EA8D-4EF1-B8AA-B9D84C725859}.Release|Any CPU.Build.0 = Release|Any CPU
		{C96DFEB5-7DE9-435C-BF9F-9182A4F06955}.Debug|Any CPU.ActiveCfg = Debug|Any CPU
		{C96DFEB5-7DE9-435C-BF9F-9182A4F06955}.Debug|Any CPU.Build.0 = Debug|Any CPU
		{C96DFEB5-7DE9-435C-BF9F-9182A4F06955}.Release|Any CPU.ActiveCfg = Release|Any CPU
		{C96DFEB5-7DE9-435C-BF9F-9182A4F06955}.Release|Any CPU.Build.0 = Release|Any CPU
		{54EEF1CD-A969-4A5D-AA0A-E40CC1BC629B}.Debug|Any CPU.ActiveCfg = Debug|Any CPU
		{54EEF1CD-A969-4A5D-AA0A-E40CC1BC629B}.Debug|Any CPU.Build.0 = Debug|Any CPU
		{54EEF1CD-A969-4A5D-AA0A-E40CC1BC629B}.Release|Any CPU.ActiveCfg = Release|Any CPU
		{54EEF1CD-A969-4A5D-AA0A-E40CC1BC629B}.Release|Any CPU.Build.0 = Release|Any CPU
		{43C48A2B-1EB8-43A4-913B-DE84E7C2A91F}.Debug|Any CPU.ActiveCfg = Debug|Any CPU
		{43C48A2B-1EB8-43A4-913B-DE84E7C2A91F}.Debug|Any CPU.Build.0 = Debug|Any CPU
		{43C48A2B-1EB8-43A4-913B-DE84E7C2A91F}.Release|Any CPU.ActiveCfg = Release|Any CPU
		{43C48A2B-1EB8-43A4-913B-DE84E7C2A91F}.Release|Any CPU.Build.0 = Release|Any CPU
		{BAE99587-918B-4390-879E-C41F96C4EE9A}.Debug|Any CPU.ActiveCfg = Debug|Any CPU
		{BAE99587-918B-4390-879E-C41F96C4EE9A}.Debug|Any CPU.Build.0 = Debug|Any CPU
		{BAE99587-918B-4390-879E-C41F96C4EE9A}.Release|Any CPU.ActiveCfg = Release|Any CPU
		{BAE99587-918B-4390-879E-C41F96C4EE9A}.Release|Any CPU.Build.0 = Release|Any CPU
		{30F5C170-2402-453D-BDBA-955290B33007}.Debug|Any CPU.ActiveCfg = Debug|Any CPU
		{30F5C170-2402-453D-BDBA-955290B33007}.Debug|Any CPU.Build.0 = Debug|Any CPU
		{30F5C170-2402-453D-BDBA-955290B33007}.Release|Any CPU.ActiveCfg = Release|Any CPU
		{30F5C170-2402-453D-BDBA-955290B33007}.Release|Any CPU.Build.0 = Release|Any CPU
		{94A653BB-E395-464A-B53E-EA78A663A060}.Debug|Any CPU.ActiveCfg = Debug|Any CPU
		{94A653BB-E395-464A-B53E-EA78A663A060}.Debug|Any CPU.Build.0 = Debug|Any CPU
		{94A653BB-E395-464A-B53E-EA78A663A060}.Release|Any CPU.ActiveCfg = Release|Any CPU
		{94A653BB-E395-464A-B53E-EA78A663A060}.Release|Any CPU.Build.0 = Release|Any CPU
		{F17C552A-22F2-49C6-95AE-A448420568D8}.Debug|Any CPU.ActiveCfg = Debug|Any CPU
		{F17C552A-22F2-49C6-95AE-A448420568D8}.Debug|Any CPU.Build.0 = Debug|Any CPU
		{F17C552A-22F2-49C6-95AE-A448420568D8}.Release|Any CPU.ActiveCfg = Release|Any CPU
		{F17C552A-22F2-49C6-95AE-A448420568D8}.Release|Any CPU.Build.0 = Release|Any CPU
	EndGlobalSection
	GlobalSection(SolutionProperties) = preSolution
		HideSolutionNode = FALSE
	EndGlobalSection
	GlobalSection(ExtensibilityGlobals) = postSolution
		SolutionGuid = {D2439DB5-2400-4934-84EB-67E3543EB2A4}
	EndGlobalSection
EndGlobal
