
Microsoft Visual Studio Solution File, Format Version 12.00
# Visual Studio Version 17
VisualStudioVersion = 17.8.34525.116
MinimumVisualStudioVersion = 10.0.40219.1
Project("{FAE04EC0-301F-11D3-BF4B-00C04F79EFBC}") = "1. Numbers From N to 1", "1. Numbers From N to 1\1. Numbers From N to 1.csproj", "{E92627C0-895E-4E64-BA51-5D275DBB1B38}"
EndProject
Project("{FAE04EC0-301F-11D3-BF4B-00C04F79EFBC}") = "2. Even Powers of 2", "2. Even Powers of 2\2. Even Powers of 2.csproj", "{04DA2F11-E09E-455B-815D-BB13920AF1FF}"
EndProject
Project("{FAE04EC0-301F-11D3-BF4B-00C04F79EFBC}") = "3. Triangle of Stars", "3. Triangle of Stars\3. Triangle of Stars.csproj", "{519EABF7-E4BE-4A5D-83AF-823C889D6EA0}"
EndProject
Project("{FAE04EC0-301F-11D3-BF4B-00C04F79EFBC}") = "4. Building", "4. Building\4. Building.csproj", "{49B46F14-660D-47A9-8887-07AB1CFB54B6}"
EndProject
Project("{FAE04EC0-301F-11D3-BF4B-00C04F79EFBC}") = "5. Number Pyramid", "5. Number Pyramid\5. Number Pyramid.csproj", "{2A23468C-207F-4251-B1F6-7F75D2D10D3D}"
EndProject
Project("{FAE04EC0-301F-11D3-BF4B-00C04F79EFBC}") = "6. Travel Savings", "6. Travel Savings\6. Travel Savings.csproj", "{CCFF7786-9236-4168-BC61-10DA98A97582}"
EndProject
Project("{FAE04EC0-301F-11D3-BF4B-00C04F79EFBC}") = "7. Sum of Digits Calculator", "7. Sum of Digits Calculator\7. Sum of Digits Calculator.csproj", "{2B2D5C9B-ACEF-42F7-98DB-8F3BD6B124F2}"
EndProject
Project("{FAE04EC0-301F-11D3-BF4B-00C04F79EFBC}") = "8. Prime Numbers", "8. Prime Numbers\8. Prime Numbers.csproj", "{4EDD66FA-EAB8-40B3-91A3-242EAF771AF9}"
EndProject
Global
	GlobalSection(SolutionConfigurationPlatforms) = preSolution
		Debug|Any CPU = Debug|Any CPU
		Release|Any CPU = Release|Any CPU
	EndGlobalSection
	GlobalSection(ProjectConfigurationPlatforms) = postSolution
		{E92627C0-895E-4E64-BA51-5D275DBB1B38}.Debug|Any CPU.ActiveCfg = Debug|Any CPU
		{E92627C0-895E-4E64-BA51-5D275DBB1B38}.Debug|Any CPU.Build.0 = Debug|Any CPU
		{E92627C0-895E-4E64-BA51-5D275DBB1B38}.Release|Any CPU.ActiveCfg = Release|Any CPU
		{E92627C0-895E-4E64-BA51-5D275DBB1B38}.Release|Any CPU.Build.0 = Release|Any CPU
		{04DA2F11-E09E-455B-815D-BB13920AF1FF}.Debug|Any CPU.ActiveCfg = Debug|Any CPU
		{04DA2F11-E09E-455B-815D-BB13920AF1FF}.Debug|Any CPU.Build.0 = Debug|Any CPU
		{04DA2F11-E09E-455B-815D-BB13920AF1FF}.Release|Any CPU.ActiveCfg = Release|Any CPU
		{04DA2F11-E09E-455B-815D-BB13920AF1FF}.Release|Any CPU.Build.0 = Release|Any CPU
		{519EABF7-E4BE-4A5D-83AF-823C889D6EA0}.Debug|Any CPU.ActiveCfg = Debug|Any CPU
		{519EABF7-E4BE-4A5D-83AF-823C889D6EA0}.Debug|Any CPU.Build.0 = Debug|Any CPU
		{519EABF7-E4BE-4A5D-83AF-823C889D6EA0}.Release|Any CPU.ActiveCfg = Release|Any CPU
		{519EABF7-E4BE-4A5D-83AF-823C889D6EA0}.Release|Any CPU.Build.0 = Release|Any CPU
		{49B46F14-660D-47A9-8887-07AB1CFB54B6}.Debug|Any CPU.ActiveCfg = Debug|Any CPU
		{49B46F14-660D-47A9-8887-07AB1CFB54B6}.Debug|Any CPU.Build.0 = Debug|Any CPU
		{49B46F14-660D-47A9-8887-07AB1CFB54B6}.Release|Any CPU.ActiveCfg = Release|Any CPU
		{49B46F14-660D-47A9-8887-07AB1CFB54B6}.Release|Any CPU.Build.0 = Release|Any CPU
		{2A23468C-207F-4251-B1F6-7F75D2D10D3D}.Debug|Any CPU.ActiveCfg = Debug|Any CPU
		{2A23468C-207F-4251-B1F6-7F75D2D10D3D}.Debug|Any CPU.Build.0 = Debug|Any CPU
		{2A23468C-207F-4251-B1F6-7F75D2D10D3D}.Release|Any CPU.ActiveCfg = Release|Any CPU
		{2A23468C-207F-4251-B1F6-7F75D2D10D3D}.Release|Any CPU.Build.0 = Release|Any CPU
		{CCFF7786-9236-4168-BC61-10DA98A97582}.Debug|Any CPU.ActiveCfg = Debug|Any CPU
		{CCFF7786-9236-4168-BC61-10DA98A97582}.Debug|Any CPU.Build.0 = Debug|Any CPU
		{CCFF7786-9236-4168-BC61-10DA98A97582}.Release|Any CPU.ActiveCfg = Release|Any CPU
		{CCFF7786-9236-4168-BC61-10DA98A97582}.Release|Any CPU.Build.0 = Release|Any CPU
		{2B2D5C9B-ACEF-42F7-98DB-8F3BD6B124F2}.Debug|Any CPU.ActiveCfg = Debug|Any CPU
		{2B2D5C9B-ACEF-42F7-98DB-8F3BD6B124F2}.Debug|Any CPU.Build.0 = Debug|Any CPU
		{2B2D5C9B-ACEF-42F7-98DB-8F3BD6B124F2}.Release|Any CPU.ActiveCfg = Release|Any CPU
		{2B2D5C9B-ACEF-42F7-98DB-8F3BD6B124F2}.Release|Any CPU.Build.0 = Release|Any CPU
		{4EDD66FA-EAB8-40B3-91A3-242EAF771AF9}.Debug|Any CPU.ActiveCfg = Debug|Any CPU
		{4EDD66FA-EAB8-40B3-91A3-242EAF771AF9}.Debug|Any CPU.Build.0 = Debug|Any CPU
		{4EDD66FA-EAB8-40B3-91A3-242EAF771AF9}.Release|Any CPU.ActiveCfg = Release|Any CPU
		{4EDD66FA-EAB8-40B3-91A3-242EAF771AF9}.Release|Any CPU.Build.0 = Release|Any CPU
	EndGlobalSection
	GlobalSection(SolutionProperties) = preSolution
		HideSolutionNode = FALSE
	EndGlobalSection
	GlobalSection(ExtensibilityGlobals) = postSolution
		SolutionGuid = {5CD4FCE4-438A-4283-9D95-5E064146C2A9}
	EndGlobalSection
EndGlobal
