
Microsoft Visual Studio Solution File, Format Version 12.00
# Visual Studio Version 17
VisualStudioVersion = 17.8.34511.84
MinimumVisualStudioVersion = 10.0.40219.1
Project("{FAE04EC0-301F-11D3-BF4B-00C04F79EFBC}") = "01. Reversed Numbers", "01. Reversed Numbers\01. Reversed Numbers.csproj", "{8116C3DB-1641-41AD-8559-4ED58EB424DB}"
EndProject
Project("{FAE04EC0-301F-11D3-BF4B-00C04F79EFBC}") = "02. Centuries to Minutes", "02. Centuries to Minutes\02. Centuries to Minutes.csproj", "{14E0B804-CF77-4C6C-8CED-39F1687CD14D}"
EndProject
Project("{FAE04EC0-301F-11D3-BF4B-00C04F79EFBC}") = "03. Redecorating", "03. Redecorating\03. Redecorating.csproj", "{767ECD3F-A6DD-4B4D-A1D4-27C266F630C5}"
EndProject
Project("{FAE04EC0-301F-11D3-BF4B-00C04F79EFBC}") = "04. Food Delivery", "04. Food Delivery\04. Food Delivery.csproj", "{6FE46844-7408-49DF-838A-955A0844C4B1}"
EndProject
Project("{FAE04EC0-301F-11D3-BF4B-00C04F79EFBC}") = "05. Basketball Equipment", "05. Basketball Equipment\05. Basketball Equipment.csproj", "{C7046792-B51F-4CD7-8262-EBB495413C36}"
EndProject
Project("{FAE04EC0-301F-11D3-BF4B-00C04F79EFBC}") = "06. Aquarium", "06. Aquarium\06. Aquarium.csproj", "{AAE38BCD-5FF2-4CF7-B133-A77D32108695}"
EndProject
Global
	GlobalSection(SolutionConfigurationPlatforms) = preSolution
		Debug|Any CPU = Debug|Any CPU
		Release|Any CPU = Release|Any CPU
	EndGlobalSection
	GlobalSection(ProjectConfigurationPlatforms) = postSolution
		{8116C3DB-1641-41AD-8559-4ED58EB424DB}.Debug|Any CPU.ActiveCfg = Debug|Any CPU
		{8116C3DB-1641-41AD-8559-4ED58EB424DB}.Debug|Any CPU.Build.0 = Debug|Any CPU
		{8116C3DB-1641-41AD-8559-4ED58EB424DB}.Release|Any CPU.ActiveCfg = Release|Any CPU
		{8116C3DB-1641-41AD-8559-4ED58EB424DB}.Release|Any CPU.Build.0 = Release|Any CPU
		{14E0B804-CF77-4C6C-8CED-39F1687CD14D}.Debug|Any CPU.ActiveCfg = Debug|Any CPU
		{14E0B804-CF77-4C6C-8CED-39F1687CD14D}.Debug|Any CPU.Build.0 = Debug|Any CPU
		{14E0B804-CF77-4C6C-8CED-39F1687CD14D}.Release|Any CPU.ActiveCfg = Release|Any CPU
		{14E0B804-CF77-4C6C-8CED-39F1687CD14D}.Release|Any CPU.Build.0 = Release|Any CPU
		{767ECD3F-A6DD-4B4D-A1D4-27C266F630C5}.Debug|Any CPU.ActiveCfg = Debug|Any CPU
		{767ECD3F-A6DD-4B4D-A1D4-27C266F630C5}.Debug|Any CPU.Build.0 = Debug|Any CPU
		{767ECD3F-A6DD-4B4D-A1D4-27C266F630C5}.Release|Any CPU.ActiveCfg = Release|Any CPU
		{767ECD3F-A6DD-4B4D-A1D4-27C266F630C5}.Release|Any CPU.Build.0 = Release|Any CPU
		{6FE46844-7408-49DF-838A-955A0844C4B1}.Debug|Any CPU.ActiveCfg = Debug|Any CPU
		{6FE46844-7408-49DF-838A-955A0844C4B1}.Debug|Any CPU.Build.0 = Debug|Any CPU
		{6FE46844-7408-49DF-838A-955A0844C4B1}.Release|Any CPU.ActiveCfg = Release|Any CPU
		{6FE46844-7408-49DF-838A-955A0844C4B1}.Release|Any CPU.Build.0 = Release|Any CPU
		{C7046792-B51F-4CD7-8262-EBB495413C36}.Debug|Any CPU.ActiveCfg = Debug|Any CPU
		{C7046792-B51F-4CD7-8262-EBB495413C36}.Debug|Any CPU.Build.0 = Debug|Any CPU
		{C7046792-B51F-4CD7-8262-EBB495413C36}.Release|Any CPU.ActiveCfg = Release|Any CPU
		{C7046792-B51F-4CD7-8262-EBB495413C36}.Release|Any CPU.Build.0 = Release|Any CPU
		{AAE38BCD-5FF2-4CF7-B133-A77D32108695}.Debug|Any CPU.ActiveCfg = Debug|Any CPU
		{AAE38BCD-5FF2-4CF7-B133-A77D32108695}.Debug|Any CPU.Build.0 = Debug|Any CPU
		{AAE38BCD-5FF2-4CF7-B133-A77D32108695}.Release|Any CPU.ActiveCfg = Release|Any CPU
		{AAE38BCD-5FF2-4CF7-B133-A77D32108695}.Release|Any CPU.Build.0 = Release|Any CPU
	EndGlobalSection
	GlobalSection(SolutionProperties) = preSolution
		HideSolutionNode = FALSE
	EndGlobalSection
	GlobalSection(ExtensibilityGlobals) = postSolution
		SolutionGuid = {FF781549-5AFC-4FE8-8A5A-DB9C485D45CF}
	EndGlobalSection
EndGlobal
