
Microsoft Visual Studio Solution File, Format Version 12.00
# Visual Studio Version 17
VisualStudioVersion = 17.8.34511.84
MinimumVisualStudioVersion = 10.0.40219.1
Project("{FAE04EC0-301F-11D3-BF4B-00C04F79EFBC}") = "1. Numbers 1 to 100", "1. Numbers 1 to 100\1. Numbers 1 to 100.csproj", "{B39A6EFB-79D5-48E1-8DBD-7573E0EEB9C2}"
EndProject
Project("{FAE04EC0-301F-11D3-BF4B-00C04F79EFBC}") = "2. Decreasing Numbers", "2. Decreasing Numbers\2. Decreasing Numbers.csproj", "{8B0BF2F3-E1F0-4A12-B490-1D5FA37BB112}"
EndProject
Project("{FAE04EC0-301F-11D3-BF4B-00C04F79EFBC}") = "3. Odd Number", "3. Odd Number\3. Odd Number.csproj", "{1C83E8D9-84CC-40C1-948A-5E63023CBC0B}"
EndProject
Project("{FAE04EC0-301F-11D3-BF4B-00C04F79EFBC}") = "4. Sequence 2k + 1", "4. Sequence 2k + 1\4. Sequence 2k + 1.csproj", "{0B50795A-CA6B-4AB0-9D96-D5BEB99DF1F2}"
EndProject
Project("{FAE04EC0-301F-11D3-BF4B-00C04F79EFBC}") = "5. Sum Digits", "5. Sum Digits\5. Sum Digits.csproj", "{E0AB194E-9672-44CA-99C2-EC17A61F525F}"
EndProject
Project("{FAE04EC0-301F-11D3-BF4B-00C04F79EFBC}") = "6. Number In Range", "6. Number In Range\6. Number In Range.csproj", "{6C2AFE8E-1318-4E5D-A1F7-1723A0ADAC8E}"
EndProject
Project("{FAE04EC0-301F-11D3-BF4B-00C04F79EFBC}") = "7. Number Processor", "7. Number Processor\7. Number Processor.csproj", "{58CE3C2E-B2E2-4DDE-BC19-83A314D0EB7A}"
EndProject
Global
	GlobalSection(SolutionConfigurationPlatforms) = preSolution
		Debug|Any CPU = Debug|Any CPU
		Release|Any CPU = Release|Any CPU
	EndGlobalSection
	GlobalSection(ProjectConfigurationPlatforms) = postSolution
		{B39A6EFB-79D5-48E1-8DBD-7573E0EEB9C2}.Debug|Any CPU.ActiveCfg = Debug|Any CPU
		{B39A6EFB-79D5-48E1-8DBD-7573E0EEB9C2}.Debug|Any CPU.Build.0 = Debug|Any CPU
		{B39A6EFB-79D5-48E1-8DBD-7573E0EEB9C2}.Release|Any CPU.ActiveCfg = Release|Any CPU
		{B39A6EFB-79D5-48E1-8DBD-7573E0EEB9C2}.Release|Any CPU.Build.0 = Release|Any CPU
		{8B0BF2F3-E1F0-4A12-B490-1D5FA37BB112}.Debug|Any CPU.ActiveCfg = Debug|Any CPU
		{8B0BF2F3-E1F0-4A12-B490-1D5FA37BB112}.Debug|Any CPU.Build.0 = Debug|Any CPU
		{8B0BF2F3-E1F0-4A12-B490-1D5FA37BB112}.Release|Any CPU.ActiveCfg = Release|Any CPU
		{8B0BF2F3-E1F0-4A12-B490-1D5FA37BB112}.Release|Any CPU.Build.0 = Release|Any CPU
		{1C83E8D9-84CC-40C1-948A-5E63023CBC0B}.Debug|Any CPU.ActiveCfg = Debug|Any CPU
		{1C83E8D9-84CC-40C1-948A-5E63023CBC0B}.Debug|Any CPU.Build.0 = Debug|Any CPU
		{1C83E8D9-84CC-40C1-948A-5E63023CBC0B}.Release|Any CPU.ActiveCfg = Release|Any CPU
		{1C83E8D9-84CC-40C1-948A-5E63023CBC0B}.Release|Any CPU.Build.0 = Release|Any CPU
		{0B50795A-CA6B-4AB0-9D96-D5BEB99DF1F2}.Debug|Any CPU.ActiveCfg = Debug|Any CPU
		{0B50795A-CA6B-4AB0-9D96-D5BEB99DF1F2}.Debug|Any CPU.Build.0 = Debug|Any CPU
		{0B50795A-CA6B-4AB0-9D96-D5BEB99DF1F2}.Release|Any CPU.ActiveCfg = Release|Any CPU
		{0B50795A-CA6B-4AB0-9D96-D5BEB99DF1F2}.Release|Any CPU.Build.0 = Release|Any CPU
		{E0AB194E-9672-44CA-99C2-EC17A61F525F}.Debug|Any CPU.ActiveCfg = Debug|Any CPU
		{E0AB194E-9672-44CA-99C2-EC17A61F525F}.Debug|Any CPU.Build.0 = Debug|Any CPU
		{E0AB194E-9672-44CA-99C2-EC17A61F525F}.Release|Any CPU.ActiveCfg = Release|Any CPU
		{E0AB194E-9672-44CA-99C2-EC17A61F525F}.Release|Any CPU.Build.0 = Release|Any CPU
		{6C2AFE8E-1318-4E5D-A1F7-1723A0ADAC8E}.Debug|Any CPU.ActiveCfg = Debug|Any CPU
		{6C2AFE8E-1318-4E5D-A1F7-1723A0ADAC8E}.Debug|Any CPU.Build.0 = Debug|Any CPU
		{6C2AFE8E-1318-4E5D-A1F7-1723A0ADAC8E}.Release|Any CPU.ActiveCfg = Release|Any CPU
		{6C2AFE8E-1318-4E5D-A1F7-1723A0ADAC8E}.Release|Any CPU.Build.0 = Release|Any CPU
		{58CE3C2E-B2E2-4DDE-BC19-83A314D0EB7A}.Debug|Any CPU.ActiveCfg = Debug|Any CPU
		{58CE3C2E-B2E2-4DDE-BC19-83A314D0EB7A}.Debug|Any CPU.Build.0 = Debug|Any CPU
		{58CE3C2E-B2E2-4DDE-BC19-83A314D0EB7A}.Release|Any CPU.ActiveCfg = Release|Any CPU
		{58CE3C2E-B2E2-4DDE-BC19-83A314D0EB7A}.Release|Any CPU.Build.0 = Release|Any CPU
	EndGlobalSection
	GlobalSection(SolutionProperties) = preSolution
		HideSolutionNode = FALSE
	EndGlobalSection
	GlobalSection(ExtensibilityGlobals) = postSolution
		SolutionGuid = {9A47B91C-948E-4DA0-994A-0A021184658E}
	EndGlobalSection
EndGlobal
