
Microsoft Visual Studio Solution File, Format Version 12.00
# Visual Studio Version 17
VisualStudioVersion = 17.8.34525.116
MinimumVisualStudioVersion = 10.0.40219.1
Project("{FAE04EC0-301F-11D3-BF4B-00C04F79EFBC}") = "1. Change List", "1. Change List\1. Change List.csproj", "{084FE65E-D144-426E-85E4-C695A8E8AA83}"
EndProject
Project("{FAE04EC0-301F-11D3-BF4B-00C04F79EFBC}") = "2. List of Products", "2. List of Products\2. List of Products.csproj", "{DD776585-034D-467E-B2C2-873357B4E51B}"
EndProject
Project("{FAE04EC0-301F-11D3-BF4B-00C04F79EFBC}") = "3. Remove Negatives and Reverse", "3. Remove Negatives and Reverse\3. Remove Negatives and Reverse.csproj", "{4F3EDC42-2312-4BBB-B642-B8D8B13B88A7}"
EndProject
Project("{FAE04EC0-301F-11D3-BF4B-00C04F79EFBC}") = "4. List Manipulation Basics", "4. List Manipulation Basics\4. List Manipulation Basics.csproj", "{940082D2-294C-4BA0-A032-C9EC6C07A508}"
EndProject
Project("{FAE04EC0-301F-11D3-BF4B-00C04F79EFBC}") = "5. List Manipulation Advanced", "5. List Manipulation Advanced\5. List Manipulation Advanced.csproj", "{FE88F540-F40A-4C82-9969-D3575E9787DA}"
EndProject
Global
	GlobalSection(SolutionConfigurationPlatforms) = preSolution
		Debug|Any CPU = Debug|Any CPU
		Release|Any CPU = Release|Any CPU
	EndGlobalSection
	GlobalSection(ProjectConfigurationPlatforms) = postSolution
		{084FE65E-D144-426E-85E4-C695A8E8AA83}.Debug|Any CPU.ActiveCfg = Debug|Any CPU
		{084FE65E-D144-426E-85E4-C695A8E8AA83}.Debug|Any CPU.Build.0 = Debug|Any CPU
		{084FE65E-D144-426E-85E4-C695A8E8AA83}.Release|Any CPU.ActiveCfg = Release|Any CPU
		{084FE65E-D144-426E-85E4-C695A8E8AA83}.Release|Any CPU.Build.0 = Release|Any CPU
		{DD776585-034D-467E-B2C2-873357B4E51B}.Debug|Any CPU.ActiveCfg = Debug|Any CPU
		{DD776585-034D-467E-B2C2-873357B4E51B}.Debug|Any CPU.Build.0 = Debug|Any CPU
		{DD776585-034D-467E-B2C2-873357B4E51B}.Release|Any CPU.ActiveCfg = Release|Any CPU
		{DD776585-034D-467E-B2C2-873357B4E51B}.Release|Any CPU.Build.0 = Release|Any CPU
		{4F3EDC42-2312-4BBB-B642-B8D8B13B88A7}.Debug|Any CPU.ActiveCfg = Debug|Any CPU
		{4F3EDC42-2312-4BBB-B642-B8D8B13B88A7}.Debug|Any CPU.Build.0 = Debug|Any CPU
		{4F3EDC42-2312-4BBB-B642-B8D8B13B88A7}.Release|Any CPU.ActiveCfg = Release|Any CPU
		{4F3EDC42-2312-4BBB-B642-B8D8B13B88A7}.Release|Any CPU.Build.0 = Release|Any CPU
		{940082D2-294C-4BA0-A032-C9EC6C07A508}.Debug|Any CPU.ActiveCfg = Debug|Any CPU
		{940082D2-294C-4BA0-A032-C9EC6C07A508}.Debug|Any CPU.Build.0 = Debug|Any CPU
		{940082D2-294C-4BA0-A032-C9EC6C07A508}.Release|Any CPU.ActiveCfg = Release|Any CPU
		{940082D2-294C-4BA0-A032-C9EC6C07A508}.Release|Any CPU.Build.0 = Release|Any CPU
		{FE88F540-F40A-4C82-9969-D3575E9787DA}.Debug|Any CPU.ActiveCfg = Debug|Any CPU
		{FE88F540-F40A-4C82-9969-D3575E9787DA}.Debug|Any CPU.Build.0 = Debug|Any CPU
		{FE88F540-F40A-4C82-9969-D3575E9787DA}.Release|Any CPU.ActiveCfg = Release|Any CPU
		{FE88F540-F40A-4C82-9969-D3575E9787DA}.Release|Any CPU.Build.0 = Release|Any CPU
	EndGlobalSection
	GlobalSection(SolutionProperties) = preSolution
		HideSolutionNode = FALSE
	EndGlobalSection
	GlobalSection(ExtensibilityGlobals) = postSolution
		SolutionGuid = {F6A60DBE-64AD-4BB2-8D50-C0FBC1F5AA89}
	EndGlobalSection
EndGlobal
