
Microsoft Visual Studio Solution File, Format Version 12.00
# Visual Studio Version 17
VisualStudioVersion = 17.8.34525.116
MinimumVisualStudioVersion = 10.0.40219.1
Project("{FAE04EC0-301F-11D3-BF4B-00C04F79EFBC}") = "1. English Name of Each Digit", "1. English Name of Each Digit\1. English Name of Each Digit.csproj", "{5FE2CD0F-3B0D-4C43-84E3-A2F5A5E06B97}"
EndProject
Project("{FAE04EC0-301F-11D3-BF4B-00C04F79EFBC}") = "2. Average Last Elements", "2. Average Last Elements\2. Average Last Elements.csproj", "{2AAA380E-7C2C-4D9A-9334-D18D917F5693}"
EndProject
Global
	GlobalSection(SolutionConfigurationPlatforms) = preSolution
		Debug|Any CPU = Debug|Any CPU
		Release|Any CPU = Release|Any CPU
	EndGlobalSection
	GlobalSection(ProjectConfigurationPlatforms) = postSolution
		{5FE2CD0F-3B0D-4C43-84E3-A2F5A5E06B97}.Debug|Any CPU.ActiveCfg = Debug|Any CPU
		{5FE2CD0F-3B0D-4C43-84E3-A2F5A5E06B97}.Debug|Any CPU.Build.0 = Debug|Any CPU
		{5FE2CD0F-3B0D-4C43-84E3-A2F5A5E06B97}.Release|Any CPU.ActiveCfg = Release|Any CPU
		{5FE2CD0F-3B0D-4C43-84E3-A2F5A5E06B97}.Release|Any CPU.Build.0 = Release|Any CPU
		{2AAA380E-7C2C-4D9A-9334-D18D917F5693}.Debug|Any CPU.ActiveCfg = Debug|Any CPU
		{2AAA380E-7C2C-4D9A-9334-D18D917F5693}.Debug|Any CPU.Build.0 = Debug|Any CPU
		{2AAA380E-7C2C-4D9A-9334-D18D917F5693}.Release|Any CPU.ActiveCfg = Release|Any CPU
		{2AAA380E-7C2C-4D9A-9334-D18D917F5693}.Release|Any CPU.Build.0 = Release|Any CPU
	EndGlobalSection
	GlobalSection(SolutionProperties) = preSolution
		HideSolutionNode = FALSE
	EndGlobalSection
	GlobalSection(ExtensibilityGlobals) = postSolution
		SolutionGuid = {5CECEEE4-49F5-4932-B908-2E54B3AEA589}
	EndGlobalSection
EndGlobal
