
Microsoft Visual Studio Solution File, Format Version 12.00
# Visual Studio Version 17
VisualStudioVersion = 17.8.34511.84
MinimumVisualStudioVersion = 10.0.40219.1
Project("{FAE04EC0-301F-11D3-BF4B-00C04F79EFBC}") = "1. Days in Minutes", "1. Days in Minutes\1. Days in Minutes.csproj", "{1990CE85-7F8C-4DB7-A01F-B2B9C1806B5D}"
EndProject
Project("{FAE04EC0-301F-11D3-BF4B-00C04F79EFBC}") = "2. Calculate Speed", "2. Calculate Speed\2. Calculate Speed.csproj", "{30FB6A31-5A5C-4C18-8CCF-DF3E072FF506}"
EndProject
Project("{FAE04EC0-301F-11D3-BF4B-00C04F79EFBC}") = "3. Circle Area and Perimeter", "3. Circle Area and Perimeter\3. Circle Area and Perimeter.csproj", "{87210397-1372-4144-AD79-ECF98CFCDD7A}"
EndProject
Project("{FAE04EC0-301F-11D3-BF4B-00C04F79EFBC}") = "4. Convert Meters to Kilometers", "4. Convert Meters to Kilometers\4. Convert Meters to Kilometers.csproj", "{5C91A5BD-554F-4A55-93DA-631C1FDDABF1}"
EndProject
Project("{FAE04EC0-301F-11D3-BF4B-00C04F79EFBC}") = "5. Convert Celsius to Fahrenheit", "5. Convert Celsius to Fahrenheit\5. Convert Celsius to Fahrenheit.csproj", "{6F06BADA-B292-433E-B2E2-309799309292}"
EndProject
Project("{FAE04EC0-301F-11D3-BF4B-00C04F79EFBC}") = "6. Pets Food", "6. Pets Food\6. Pets Food.csproj", "{3814F487-6472-4194-9792-F97696163561}"
EndProject
Project("{FAE04EC0-301F-11D3-BF4B-00C04F79EFBC}") = "7. Projects Creation", "7. Projects Creation\7. Projects Creation.csproj", "{6AC62A8C-1F64-4D81-83F2-9D20928D8FD2}"
EndProject
Global
	GlobalSection(SolutionConfigurationPlatforms) = preSolution
		Debug|Any CPU = Debug|Any CPU
		Release|Any CPU = Release|Any CPU
	EndGlobalSection
	GlobalSection(ProjectConfigurationPlatforms) = postSolution
		{1990CE85-7F8C-4DB7-A01F-B2B9C1806B5D}.Debug|Any CPU.ActiveCfg = Debug|Any CPU
		{1990CE85-7F8C-4DB7-A01F-B2B9C1806B5D}.Debug|Any CPU.Build.0 = Debug|Any CPU
		{1990CE85-7F8C-4DB7-A01F-B2B9C1806B5D}.Release|Any CPU.ActiveCfg = Release|Any CPU
		{1990CE85-7F8C-4DB7-A01F-B2B9C1806B5D}.Release|Any CPU.Build.0 = Release|Any CPU
		{30FB6A31-5A5C-4C18-8CCF-DF3E072FF506}.Debug|Any CPU.ActiveCfg = Debug|Any CPU
		{30FB6A31-5A5C-4C18-8CCF-DF3E072FF506}.Debug|Any CPU.Build.0 = Debug|Any CPU
		{30FB6A31-5A5C-4C18-8CCF-DF3E072FF506}.Release|Any CPU.ActiveCfg = Release|Any CPU
		{30FB6A31-5A5C-4C18-8CCF-DF3E072FF506}.Release|Any CPU.Build.0 = Release|Any CPU
		{87210397-1372-4144-AD79-ECF98CFCDD7A}.Debug|Any CPU.ActiveCfg = Debug|Any CPU
		{87210397-1372-4144-AD79-ECF98CFCDD7A}.Debug|Any CPU.Build.0 = Debug|Any CPU
		{87210397-1372-4144-AD79-ECF98CFCDD7A}.Release|Any CPU.ActiveCfg = Release|Any CPU
		{87210397-1372-4144-AD79-ECF98CFCDD7A}.Release|Any CPU.Build.0 = Release|Any CPU
		{5C91A5BD-554F-4A55-93DA-631C1FDDABF1}.Debug|Any CPU.ActiveCfg = Debug|Any CPU
		{5C91A5BD-554F-4A55-93DA-631C1FDDABF1}.Debug|Any CPU.Build.0 = Debug|Any CPU
		{5C91A5BD-554F-4A55-93DA-631C1FDDABF1}.Release|Any CPU.ActiveCfg = Release|Any CPU
		{5C91A5BD-554F-4A55-93DA-631C1FDDABF1}.Release|Any CPU.Build.0 = Release|Any CPU
		{6F06BADA-B292-433E-B2E2-309799309292}.Debug|Any CPU.ActiveCfg = Debug|Any CPU
		{6F06BADA-B292-433E-B2E2-309799309292}.Debug|Any CPU.Build.0 = Debug|Any CPU
		{6F06BADA-B292-433E-B2E2-309799309292}.Release|Any CPU.ActiveCfg = Release|Any CPU
		{6F06BADA-B292-433E-B2E2-309799309292}.Release|Any CPU.Build.0 = Release|Any CPU
		{3814F487-6472-4194-9792-F97696163561}.Debug|Any CPU.ActiveCfg = Debug|Any CPU
		{3814F487-6472-4194-9792-F97696163561}.Debug|Any CPU.Build.0 = Debug|Any CPU
		{3814F487-6472-4194-9792-F97696163561}.Release|Any CPU.ActiveCfg = Release|Any CPU
		{3814F487-6472-4194-9792-F97696163561}.Release|Any CPU.Build.0 = Release|Any CPU
		{6AC62A8C-1F64-4D81-83F2-9D20928D8FD2}.Debug|Any CPU.ActiveCfg = Debug|Any CPU
		{6AC62A8C-1F64-4D81-83F2-9D20928D8FD2}.Debug|Any CPU.Build.0 = Debug|Any CPU
		{6AC62A8C-1F64-4D81-83F2-9D20928D8FD2}.Release|Any CPU.ActiveCfg = Release|Any CPU
		{6AC62A8C-1F64-4D81-83F2-9D20928D8FD2}.Release|Any CPU.Build.0 = Release|Any CPU
	EndGlobalSection
	GlobalSection(SolutionProperties) = preSolution
		HideSolutionNode = FALSE
	EndGlobalSection
	GlobalSection(ExtensibilityGlobals) = postSolution
		SolutionGuid = {D5950ED1-83FC-433C-93DD-3DA69E1D2595}
	EndGlobalSection
EndGlobal
